// !$*UTF8*$!
{
	archiveVersion = 1;
	classes = {
	};
	objectVersion = 46;
	objects = {

/* Begin PBXBuildFile section */
		5983792719A2447C00AD4BC7 /* ReviewItemManager.m in Sources */ = {isa = PBXBuildFile; fileRef = 5983792619A2447C00AD4BC7 /* ReviewItemManager.m */; };
		5983792819A2447C00AD4BC7 /* ReviewItemManager.m in Sources */ = {isa = PBXBuildFile; fileRef = 5983792619A2447C00AD4BC7 /* ReviewItemManager.m */; };
		5983793119A24B4400AD4BC7 /* FilePath.m in Sources */ = {isa = PBXBuildFile; fileRef = 5983793019A24B4400AD4BC7 /* FilePath.m */; };
		5983793219A24B4400AD4BC7 /* FilePath.m in Sources */ = {isa = PBXBuildFile; fileRef = 5983793019A24B4400AD4BC7 /* FilePath.m */; };
		5983794419A38C8400AD4BC7 /* HomeViewController.m in Sources */ = {isa = PBXBuildFile; fileRef = 5983794319A38C8400AD4BC7 /* HomeViewController.m */; };
		5983794519A38C8400AD4BC7 /* HomeViewController.m in Sources */ = {isa = PBXBuildFile; fileRef = 5983794319A38C8400AD4BC7 /* HomeViewController.m */; };
		5992BCA519C34B1C00339FC5 /* PhotoTakerUnit.m in Sources */ = {isa = PBXBuildFile; fileRef = 5992BCA419C34B1C00339FC5 /* PhotoTakerUnit.m */; };
		5992BCA619C34B1C00339FC5 /* PhotoTakerUnit.m in Sources */ = {isa = PBXBuildFile; fileRef = 5992BCA419C34B1C00339FC5 /* PhotoTakerUnit.m */; };
		59D0348719AF782200C0E40D /* AGImagePickerController+Helper.m in Sources */ = {isa = PBXBuildFile; fileRef = 59D0347619AF782200C0E40D /* AGImagePickerController+Helper.m */; };
		59D0348819AF782200C0E40D /* AGImagePickerController+Helper.m in Sources */ = {isa = PBXBuildFile; fileRef = 59D0347619AF782200C0E40D /* AGImagePickerController+Helper.m */; };
		59D0348919AF782200C0E40D /* AGImagePickerController.bundle in Resources */ = {isa = PBXBuildFile; fileRef = 59D0347719AF782200C0E40D /* AGImagePickerController.bundle */; };
		59D0348A19AF782200C0E40D /* AGImagePickerController.bundle in Resources */ = {isa = PBXBuildFile; fileRef = 59D0347719AF782200C0E40D /* AGImagePickerController.bundle */; };
		59D0348B19AF782200C0E40D /* AGImagePickerController.m in Sources */ = {isa = PBXBuildFile; fileRef = 59D0347919AF782200C0E40D /* AGImagePickerController.m */; };
		59D0348C19AF782200C0E40D /* AGImagePickerController.m in Sources */ = {isa = PBXBuildFile; fileRef = 59D0347919AF782200C0E40D /* AGImagePickerController.m */; };
		59D0348D19AF782200C0E40D /* AGIPCAlbumsController.m in Sources */ = {isa = PBXBuildFile; fileRef = 59D0347C19AF782200C0E40D /* AGIPCAlbumsController.m */; };
		59D0348E19AF782200C0E40D /* AGIPCAlbumsController.m in Sources */ = {isa = PBXBuildFile; fileRef = 59D0347C19AF782200C0E40D /* AGIPCAlbumsController.m */; };
		59D0348F19AF782200C0E40D /* AGIPCAssetsController.m in Sources */ = {isa = PBXBuildFile; fileRef = 59D0347E19AF782200C0E40D /* AGIPCAssetsController.m */; };
		59D0349019AF782200C0E40D /* AGIPCAssetsController.m in Sources */ = {isa = PBXBuildFile; fileRef = 59D0347E19AF782200C0E40D /* AGIPCAssetsController.m */; };
		59D0349119AF782200C0E40D /* AGIPCGridCell.m in Sources */ = {isa = PBXBuildFile; fileRef = 59D0348019AF782200C0E40D /* AGIPCGridCell.m */; };
		59D0349219AF782200C0E40D /* AGIPCGridCell.m in Sources */ = {isa = PBXBuildFile; fileRef = 59D0348019AF782200C0E40D /* AGIPCGridCell.m */; };
		59D0349319AF782200C0E40D /* AGIPCGridItem.m in Sources */ = {isa = PBXBuildFile; fileRef = 59D0348219AF782200C0E40D /* AGIPCGridItem.m */; };
		59D0349419AF782200C0E40D /* AGIPCGridItem.m in Sources */ = {isa = PBXBuildFile; fileRef = 59D0348219AF782200C0E40D /* AGIPCGridItem.m */; };
		59D0349519AF782200C0E40D /* AGIPCToolbarItem.m in Sources */ = {isa = PBXBuildFile; fileRef = 59D0348419AF782200C0E40D /* AGIPCToolbarItem.m */; };
		59D0349619AF782200C0E40D /* AGIPCToolbarItem.m in Sources */ = {isa = PBXBuildFile; fileRef = 59D0348419AF782200C0E40D /* AGIPCToolbarItem.m */; };
		59D0349719AF782200C0E40D /* ALAsset+AGIPC.m in Sources */ = {isa = PBXBuildFile; fileRef = 59D0348619AF782200C0E40D /* ALAsset+AGIPC.m */; };
		59D0349819AF782200C0E40D /* ALAsset+AGIPC.m in Sources */ = {isa = PBXBuildFile; fileRef = 59D0348619AF782200C0E40D /* ALAsset+AGIPC.m */; };
		59D0349B19AF792F00C0E40D /* RTReviewAddItemDirector.m in Sources */ = {isa = PBXBuildFile; fileRef = 59D0349A19AF792F00C0E40D /* RTReviewAddItemDirector.m */; };
		59D0349C19AF792F00C0E40D /* RTReviewAddItemDirector.m in Sources */ = {isa = PBXBuildFile; fileRef = 59D0349A19AF792F00C0E40D /* RTReviewAddItemDirector.m */; };
		59D034D319AF80F000C0E40D /* MBProgressHUD+Add.m in Sources */ = {isa = PBXBuildFile; fileRef = 59D0349F19AF80EF00C0E40D /* MBProgressHUD+Add.m */; };
		59D034D419AF80F000C0E40D /* MBProgressHUD+Add.m in Sources */ = {isa = PBXBuildFile; fileRef = 59D0349F19AF80EF00C0E40D /* MBProgressHUD+Add.m */; };
		59D034D519AF80F000C0E40D /* MBProgressHUD.bundle in Resources */ = {isa = PBXBuildFile; fileRef = 59D034A019AF80EF00C0E40D /* MBProgressHUD.bundle */; };
		59D034D619AF80F000C0E40D /* MBProgressHUD.bundle in Resources */ = {isa = PBXBuildFile; fileRef = 59D034A019AF80EF00C0E40D /* MBProgressHUD.bundle */; };
		59D034D719AF80F000C0E40D /* MBProgressHUD.m in Sources */ = {isa = PBXBuildFile; fileRef = 59D034A219AF80EF00C0E40D /* MBProgressHUD.m */; };
		59D034D819AF80F000C0E40D /* MBProgressHUD.m in Sources */ = {isa = PBXBuildFile; fileRef = 59D034A219AF80EF00C0E40D /* MBProgressHUD.m */; };
		59D034D919AF80F000C0E40D /* MJPhoto.m in Sources */ = {isa = PBXBuildFile; fileRef = 59D034A519AF80EF00C0E40D /* MJPhoto.m */; };
		59D034DA19AF80F000C0E40D /* MJPhoto.m in Sources */ = {isa = PBXBuildFile; fileRef = 59D034A519AF80EF00C0E40D /* MJPhoto.m */; };
		59D034DB19AF80F000C0E40D /* MJPhotoBrowser.bundle in Resources */ = {isa = PBXBuildFile; fileRef = 59D034A619AF80EF00C0E40D /* MJPhotoBrowser.bundle */; };
		59D034DC19AF80F000C0E40D /* MJPhotoBrowser.bundle in Resources */ = {isa = PBXBuildFile; fileRef = 59D034A619AF80EF00C0E40D /* MJPhotoBrowser.bundle */; };
		59D034DD19AF80F000C0E40D /* MJPhotoBrowser.m in Sources */ = {isa = PBXBuildFile; fileRef = 59D034A819AF80EF00C0E40D /* MJPhotoBrowser.m */; };
		59D034DE19AF80F000C0E40D /* MJPhotoBrowser.m in Sources */ = {isa = PBXBuildFile; fileRef = 59D034A819AF80EF00C0E40D /* MJPhotoBrowser.m */; };
		59D034DF19AF80F000C0E40D /* MJPhotoLoadingView.m in Sources */ = {isa = PBXBuildFile; fileRef = 59D034AA19AF80EF00C0E40D /* MJPhotoLoadingView.m */; };
		59D034E019AF80F000C0E40D /* MJPhotoLoadingView.m in Sources */ = {isa = PBXBuildFile; fileRef = 59D034AA19AF80EF00C0E40D /* MJPhotoLoadingView.m */; };
		59D034E119AF80F000C0E40D /* MJPhotoProgressView.m in Sources */ = {isa = PBXBuildFile; fileRef = 59D034AC19AF80EF00C0E40D /* MJPhotoProgressView.m */; };
		59D034E219AF80F000C0E40D /* MJPhotoProgressView.m in Sources */ = {isa = PBXBuildFile; fileRef = 59D034AC19AF80EF00C0E40D /* MJPhotoProgressView.m */; };
		59D034E319AF80F000C0E40D /* MJPhotoToolbar.m in Sources */ = {isa = PBXBuildFile; fileRef = 59D034AE19AF80EF00C0E40D /* MJPhotoToolbar.m */; };
		59D034E419AF80F000C0E40D /* MJPhotoToolbar.m in Sources */ = {isa = PBXBuildFile; fileRef = 59D034AE19AF80EF00C0E40D /* MJPhotoToolbar.m */; };
		59D034E519AF80F000C0E40D /* MJPhotoView.m in Sources */ = {isa = PBXBuildFile; fileRef = 59D034B019AF80EF00C0E40D /* MJPhotoView.m */; };
		59D034E619AF80F000C0E40D /* MJPhotoView.m in Sources */ = {isa = PBXBuildFile; fileRef = 59D034B019AF80EF00C0E40D /* MJPhotoView.m */; };
		59D034E719AF80F000C0E40D /* MKAnnotationView+WebCache.m in Sources */ = {isa = PBXBuildFile; fileRef = 59D034B319AF80EF00C0E40D /* MKAnnotationView+WebCache.m */; };
		59D034E819AF80F000C0E40D /* MKAnnotationView+WebCache.m in Sources */ = {isa = PBXBuildFile; fileRef = 59D034B319AF80EF00C0E40D /* MKAnnotationView+WebCache.m */; };
		59D034E919AF80F000C0E40D /* NSData+GIF.m in Sources */ = {isa = PBXBuildFile; fileRef = 59D034B519AF80EF00C0E40D /* NSData+GIF.m */; };
		59D034EA19AF80F000C0E40D /* NSData+GIF.m in Sources */ = {isa = PBXBuildFile; fileRef = 59D034B519AF80EF00C0E40D /* NSData+GIF.m */; };
		59D034EB19AF80F000C0E40D /* SDImageCache.m in Sources */ = {isa = PBXBuildFile; fileRef = 59D034B719AF80EF00C0E40D /* SDImageCache.m */; };
		59D034EC19AF80F000C0E40D /* SDImageCache.m in Sources */ = {isa = PBXBuildFile; fileRef = 59D034B719AF80EF00C0E40D /* SDImageCache.m */; };
		59D034ED19AF80F000C0E40D /* SDWebImageCompat.m in Sources */ = {isa = PBXBuildFile; fileRef = 59D034B919AF80F000C0E40D /* SDWebImageCompat.m */; };
		59D034EE19AF80F000C0E40D /* SDWebImageCompat.m in Sources */ = {isa = PBXBuildFile; fileRef = 59D034B919AF80F000C0E40D /* SDWebImageCompat.m */; };
		59D034EF19AF80F000C0E40D /* SDWebImageDecoder.m in Sources */ = {isa = PBXBuildFile; fileRef = 59D034BB19AF80F000C0E40D /* SDWebImageDecoder.m */; };
		59D034F019AF80F000C0E40D /* SDWebImageDecoder.m in Sources */ = {isa = PBXBuildFile; fileRef = 59D034BB19AF80F000C0E40D /* SDWebImageDecoder.m */; };
		59D034F119AF80F000C0E40D /* SDWebImageDownloader.m in Sources */ = {isa = PBXBuildFile; fileRef = 59D034BD19AF80F000C0E40D /* SDWebImageDownloader.m */; };
		59D034F219AF80F000C0E40D /* SDWebImageDownloader.m in Sources */ = {isa = PBXBuildFile; fileRef = 59D034BD19AF80F000C0E40D /* SDWebImageDownloader.m */; };
		59D034F319AF80F000C0E40D /* SDWebImageDownloaderOperation.m in Sources */ = {isa = PBXBuildFile; fileRef = 59D034BF19AF80F000C0E40D /* SDWebImageDownloaderOperation.m */; };
		59D034F419AF80F000C0E40D /* SDWebImageDownloaderOperation.m in Sources */ = {isa = PBXBuildFile; fileRef = 59D034BF19AF80F000C0E40D /* SDWebImageDownloaderOperation.m */; };
		59D034F519AF80F000C0E40D /* SDWebImageManager+MJ.m in Sources */ = {isa = PBXBuildFile; fileRef = 59D034C119AF80F000C0E40D /* SDWebImageManager+MJ.m */; };
		59D034F619AF80F000C0E40D /* SDWebImageManager+MJ.m in Sources */ = {isa = PBXBuildFile; fileRef = 59D034C119AF80F000C0E40D /* SDWebImageManager+MJ.m */; };
		59D034F719AF80F000C0E40D /* SDWebImageManager.m in Sources */ = {isa = PBXBuildFile; fileRef = 59D034C319AF80F000C0E40D /* SDWebImageManager.m */; };
		59D034F819AF80F000C0E40D /* SDWebImageManager.m in Sources */ = {isa = PBXBuildFile; fileRef = 59D034C319AF80F000C0E40D /* SDWebImageManager.m */; };
		59D034F919AF80F000C0E40D /* SDWebImagePrefetcher.m in Sources */ = {isa = PBXBuildFile; fileRef = 59D034C619AF80F000C0E40D /* SDWebImagePrefetcher.m */; };
		59D034FA19AF80F000C0E40D /* SDWebImagePrefetcher.m in Sources */ = {isa = PBXBuildFile; fileRef = 59D034C619AF80F000C0E40D /* SDWebImagePrefetcher.m */; };
		59D034FB19AF80F000C0E40D /* UIButton+WebCache.m in Sources */ = {isa = PBXBuildFile; fileRef = 59D034C819AF80F000C0E40D /* UIButton+WebCache.m */; };
		59D034FC19AF80F000C0E40D /* UIButton+WebCache.m in Sources */ = {isa = PBXBuildFile; fileRef = 59D034C819AF80F000C0E40D /* UIButton+WebCache.m */; };
		59D034FD19AF80F000C0E40D /* UIImage+GIF.m in Sources */ = {isa = PBXBuildFile; fileRef = 59D034CA19AF80F000C0E40D /* UIImage+GIF.m */; };
		59D034FE19AF80F000C0E40D /* UIImage+GIF.m in Sources */ = {isa = PBXBuildFile; fileRef = 59D034CA19AF80F000C0E40D /* UIImage+GIF.m */; };
		59D034FF19AF80F000C0E40D /* UIImage+MultiFormat.m in Sources */ = {isa = PBXBuildFile; fileRef = 59D034CC19AF80F000C0E40D /* UIImage+MultiFormat.m */; };
		59D0350019AF80F000C0E40D /* UIImage+MultiFormat.m in Sources */ = {isa = PBXBuildFile; fileRef = 59D034CC19AF80F000C0E40D /* UIImage+MultiFormat.m */; };
		59D0350119AF80F000C0E40D /* UIImage+WebP.m in Sources */ = {isa = PBXBuildFile; fileRef = 59D034CE19AF80F000C0E40D /* UIImage+WebP.m */; };
		59D0350219AF80F000C0E40D /* UIImage+WebP.m in Sources */ = {isa = PBXBuildFile; fileRef = 59D034CE19AF80F000C0E40D /* UIImage+WebP.m */; };
		59D0350319AF80F000C0E40D /* UIImageView+MJWebCache.m in Sources */ = {isa = PBXBuildFile; fileRef = 59D034D019AF80F000C0E40D /* UIImageView+MJWebCache.m */; };
		59D0350419AF80F000C0E40D /* UIImageView+MJWebCache.m in Sources */ = {isa = PBXBuildFile; fileRef = 59D034D019AF80F000C0E40D /* UIImageView+MJWebCache.m */; };
		59D0350519AF80F000C0E40D /* UIImageView+WebCache.m in Sources */ = {isa = PBXBuildFile; fileRef = 59D034D219AF80F000C0E40D /* UIImageView+WebCache.m */; };
		59D0350619AF80F000C0E40D /* UIImageView+WebCache.m in Sources */ = {isa = PBXBuildFile; fileRef = 59D034D219AF80F000C0E40D /* UIImageView+WebCache.m */; };
		59D0350D19AF8E5200C0E40D /* ItemListTableViewController.m in Sources */ = {isa = PBXBuildFile; fileRef = 59D0350C19AF8E5200C0E40D /* ItemListTableViewController.m */; };
		59D0350E19AF8E5200C0E40D /* ItemListTableViewController.m in Sources */ = {isa = PBXBuildFile; fileRef = 59D0350C19AF8E5200C0E40D /* ItemListTableViewController.m */; };
		7E4C7EF719D16EA600DD8BAF /* UIImageView+setPath.m in Sources */ = {isa = PBXBuildFile; fileRef = 7E4C7EF619D16EA600DD8BAF /* UIImageView+setPath.m */; };
		7E4C7EF819D16EA600DD8BAF /* UIImageView+setPath.m in Sources */ = {isa = PBXBuildFile; fileRef = 7E4C7EF619D16EA600DD8BAF /* UIImageView+setPath.m */; };
		7E4C7EFC19D1701000DD8BAF /* ItemListCell.m in Sources */ = {isa = PBXBuildFile; fileRef = 7E4C7EFB19D1701000DD8BAF /* ItemListCell.m */; };
		7E4C7EFD19D1701000DD8BAF /* ItemListCell.m in Sources */ = {isa = PBXBuildFile; fileRef = 7E4C7EFB19D1701000DD8BAF /* ItemListCell.m */; };
		7E4C7F0119D270A300DD8BAF /* TimeRecorder.m in Sources */ = {isa = PBXBuildFile; fileRef = 7E4C7F0019D270A300DD8BAF /* TimeRecorder.m */; };
		7E4C7F0219D270A300DD8BAF /* TimeRecorder.m in Sources */ = {isa = PBXBuildFile; fileRef = 7E4C7F0019D270A300DD8BAF /* TimeRecorder.m */; };
		7E4C7F0619D2A6BB00DD8BAF /* ImageCompressor.m in Sources */ = {isa = PBXBuildFile; fileRef = 7E4C7F0519D2A6BB00DD8BAF /* ImageCompressor.m */; };
		7E4C7F0719D2A6BB00DD8BAF /* ImageCompressor.m in Sources */ = {isa = PBXBuildFile; fileRef = 7E4C7F0519D2A6BB00DD8BAF /* ImageCompressor.m */; };
		7E4C7F0B19D2C5FC00DD8BAF /* RTLoadingView.m in Sources */ = {isa = PBXBuildFile; fileRef = 7E4C7F0A19D2C5FC00DD8BAF /* RTLoadingView.m */; };
		7E4C7F0C19D2C5FC00DD8BAF /* RTLoadingView.m in Sources */ = {isa = PBXBuildFile; fileRef = 7E4C7F0A19D2C5FC00DD8BAF /* RTLoadingView.m */; };
		7E74D7AF19D1533D00D51746 /* DateUtils.m in Sources */ = {isa = PBXBuildFile; fileRef = 7E74D7AE19D1533D00D51746 /* DateUtils.m */; };
		7E74D7B019D1533D00D51746 /* DateUtils.m in Sources */ = {isa = PBXBuildFile; fileRef = 7E74D7AE19D1533D00D51746 /* DateUtils.m */; };
		7E74D7BA19D1534600D51746 /* DayCellView.m in Sources */ = {isa = PBXBuildFile; fileRef = 7E74D7B319D1534600D51746 /* DayCellView.m */; };
		7E74D7BB19D1534600D51746 /* DayCellView.m in Sources */ = {isa = PBXBuildFile; fileRef = 7E74D7B319D1534600D51746 /* DayCellView.m */; };
		7E74D7BC19D1534600D51746 /* EventDayCellView.m in Sources */ = {isa = PBXBuildFile; fileRef = 7E74D7B519D1534600D51746 /* EventDayCellView.m */; };
		7E74D7BD19D1534600D51746 /* EventDayCellView.m in Sources */ = {isa = PBXBuildFile; fileRef = 7E74D7B519D1534600D51746 /* EventDayCellView.m */; };
		7E74D7BE19D1534600D51746 /* MonthView.m in Sources */ = {isa = PBXBuildFile; fileRef = 7E74D7B719D1534600D51746 /* MonthView.m */; };
		7E74D7BF19D1534600D51746 /* MonthView.m in Sources */ = {isa = PBXBuildFile; fileRef = 7E74D7B719D1534600D51746 /* MonthView.m */; };
		7E74D7C019D1534600D51746 /* NumberDayCellView.m in Sources */ = {isa = PBXBuildFile; fileRef = 7E74D7B919D1534600D51746 /* NumberDayCellView.m */; };
		7E74D7C119D1534600D51746 /* NumberDayCellView.m in Sources */ = {isa = PBXBuildFile; fileRef = 7E74D7B919D1534600D51746 /* NumberDayCellView.m */; };
		7E886C8F19BD8AAE00AA5784 /* ReviewFacade.m in Sources */ = {isa = PBXBuildFile; fileRef = 7E886C8E19BD8AAE00AA5784 /* ReviewFacade.m */; };
		7E886C9019BD8AAE00AA5784 /* ReviewFacade.m in Sources */ = {isa = PBXBuildFile; fileRef = 7E886C8E19BD8AAE00AA5784 /* ReviewFacade.m */; };
		7EAB3A0419A1944200024E00 /* Foundation.framework in Frameworks */ = {isa = PBXBuildFile; fileRef = 7EAB3A0319A1944200024E00 /* Foundation.framework */; };
		7EAB3A0619A1944200024E00 /* CoreGraphics.framework in Frameworks */ = {isa = PBXBuildFile; fileRef = 7EAB3A0519A1944200024E00 /* CoreGraphics.framework */; };
		7EAB3A0819A1944200024E00 /* UIKit.framework in Frameworks */ = {isa = PBXBuildFile; fileRef = 7EAB3A0719A1944200024E00 /* UIKit.framework */; };
		7EAB3A0E19A1944200024E00 /* InfoPlist.strings in Resources */ = {isa = PBXBuildFile; fileRef = 7EAB3A0C19A1944200024E00 /* InfoPlist.strings */; };
		7EAB3A1019A1944200024E00 /* main.m in Sources */ = {isa = PBXBuildFile; fileRef = 7EAB3A0F19A1944200024E00 /* main.m */; };
		7EAB3A1419A1944200024E00 /* AppDelegate.m in Sources */ = {isa = PBXBuildFile; fileRef = 7EAB3A1319A1944200024E00 /* AppDelegate.m */; };
		7EAB3A1619A1944200024E00 /* Images.xcassets in Resources */ = {isa = PBXBuildFile; fileRef = 7EAB3A1519A1944200024E00 /* Images.xcassets */; };
		7EAB3A1D19A1944200024E00 /* XCTest.framework in Frameworks */ = {isa = PBXBuildFile; fileRef = 7EAB3A1C19A1944200024E00 /* XCTest.framework */; };
		7EAB3A1E19A1944200024E00 /* Foundation.framework in Frameworks */ = {isa = PBXBuildFile; fileRef = 7EAB3A0319A1944200024E00 /* Foundation.framework */; };
		7EAB3A1F19A1944200024E00 /* UIKit.framework in Frameworks */ = {isa = PBXBuildFile; fileRef = 7EAB3A0719A1944200024E00 /* UIKit.framework */; };
		7EAB3A2719A1944200024E00 /* InfoPlist.strings in Resources */ = {isa = PBXBuildFile; fileRef = 7EAB3A2519A1944200024E00 /* InfoPlist.strings */; };
		7EAB3A2919A1944200024E00 /* rememberTests.m in Sources */ = {isa = PBXBuildFile; fileRef = 7EAB3A2819A1944200024E00 /* rememberTests.m */; };
		7EAB3A3519A1949900024E00 /* ReviewItem.m in Sources */ = {isa = PBXBuildFile; fileRef = 7EAB3A3419A1949900024E00 /* ReviewItem.m */; };
		7EAB3A4A19A1EDE000024E00 /* UniqueID.m in Sources */ = {isa = PBXBuildFile; fileRef = 7EAB3A4919A1EDE000024E00 /* UniqueID.m */; };
		7EAB3A4B19A1EDE000024E00 /* UniqueID.m in Sources */ = {isa = PBXBuildFile; fileRef = 7EAB3A4919A1EDE000024E00 /* UniqueID.m */; };
		7EAB3A5319A2FD8E00024E00 /* ReviewItemGenerator.m in Sources */ = {isa = PBXBuildFile; fileRef = 7EAB3A5219A2FD8E00024E00 /* ReviewItemGenerator.m */; };
		7EAB3A5419A2FD8E00024E00 /* ReviewItemGenerator.m in Sources */ = {isa = PBXBuildFile; fileRef = 7EAB3A5219A2FD8E00024E00 /* ReviewItemGenerator.m */; };
/* End PBXBuildFile section */

/* Begin PBXContainerItemProxy section */
		7EAB3A2019A1944200024E00 /* PBXContainerItemProxy */ = {
			isa = PBXContainerItemProxy;
			containerPortal = 7EAB39F819A1944200024E00 /* Project object */;
			proxyType = 1;
			remoteGlobalIDString = 7EAB39FF19A1944200024E00;
			remoteInfo = remember;
		};
/* End PBXContainerItemProxy section */

/* Begin PBXFileReference section */
		5983792519A2447C00AD4BC7 /* ReviewItemManager.h */ = {isa = PBXFileReference; fileEncoding = 4; lastKnownFileType = sourcecode.c.h; path = ReviewItemManager.h; sourceTree = "<group>"; };
		5983792619A2447C00AD4BC7 /* ReviewItemManager.m */ = {isa = PBXFileReference; fileEncoding = 4; lastKnownFileType = sourcecode.c.objc; path = ReviewItemManager.m; sourceTree = "<group>"; };
		5983792F19A24B4400AD4BC7 /* FilePath.h */ = {isa = PBXFileReference; fileEncoding = 4; lastKnownFileType = sourcecode.c.h; path = FilePath.h; sourceTree = "<group>"; };
		5983793019A24B4400AD4BC7 /* FilePath.m */ = {isa = PBXFileReference; fileEncoding = 4; lastKnownFileType = sourcecode.c.objc; path = FilePath.m; sourceTree = "<group>"; };
		5983794219A38C8400AD4BC7 /* HomeViewController.h */ = {isa = PBXFileReference; fileEncoding = 4; lastKnownFileType = sourcecode.c.h; path = HomeViewController.h; sourceTree = "<group>"; };
		5983794319A38C8400AD4BC7 /* HomeViewController.m */ = {isa = PBXFileReference; fileEncoding = 4; lastKnownFileType = sourcecode.c.objc; path = HomeViewController.m; sourceTree = "<group>"; };
		5992BCA319C34B1C00339FC5 /* PhotoTakerUnit.h */ = {isa = PBXFileReference; fileEncoding = 4; lastKnownFileType = sourcecode.c.h; path = PhotoTakerUnit.h; sourceTree = "<group>"; };
		5992BCA419C34B1C00339FC5 /* PhotoTakerUnit.m */ = {isa = PBXFileReference; fileEncoding = 4; lastKnownFileType = sourcecode.c.objc; path = PhotoTakerUnit.m; sourceTree = "<group>"; };
		59D0346F19AF779C00C0E40D /* RTDirector.h */ = {isa = PBXFileReference; fileEncoding = 4; lastKnownFileType = sourcecode.c.h; path = RTDirector.h; sourceTree = "<group>"; };
		59D0347519AF782200C0E40D /* AGImagePickerController+Helper.h */ = {isa = PBXFileReference; fileEncoding = 4; lastKnownFileType = sourcecode.c.h; path = "AGImagePickerController+Helper.h"; sourceTree = "<group>"; };
		59D0347619AF782200C0E40D /* AGImagePickerController+Helper.m */ = {isa = PBXFileReference; fileEncoding = 4; lastKnownFileType = sourcecode.c.objc; path = "AGImagePickerController+Helper.m"; sourceTree = "<group>"; };
		59D0347719AF782200C0E40D /* AGImagePickerController.bundle */ = {isa = PBXFileReference; lastKnownFileType = "wrapper.plug-in"; path = AGImagePickerController.bundle; sourceTree = "<group>"; };
		59D0347819AF782200C0E40D /* AGImagePickerController.h */ = {isa = PBXFileReference; fileEncoding = 4; lastKnownFileType = sourcecode.c.h; path = AGImagePickerController.h; sourceTree = "<group>"; };
		59D0347919AF782200C0E40D /* AGImagePickerController.m */ = {isa = PBXFileReference; fileEncoding = 4; lastKnownFileType = sourcecode.c.objc; path = AGImagePickerController.m; sourceTree = "<group>"; };
		59D0347A19AF782200C0E40D /* AGImagePickerControllerDefines.h */ = {isa = PBXFileReference; fileEncoding = 4; lastKnownFileType = sourcecode.c.h; path = AGImagePickerControllerDefines.h; sourceTree = "<group>"; };
		59D0347B19AF782200C0E40D /* AGIPCAlbumsController.h */ = {isa = PBXFileReference; fileEncoding = 4; lastKnownFileType = sourcecode.c.h; path = AGIPCAlbumsController.h; sourceTree = "<group>"; };
		59D0347C19AF782200C0E40D /* AGIPCAlbumsController.m */ = {isa = PBXFileReference; fileEncoding = 4; lastKnownFileType = sourcecode.c.objc; path = AGIPCAlbumsController.m; sourceTree = "<group>"; };
		59D0347D19AF782200C0E40D /* AGIPCAssetsController.h */ = {isa = PBXFileReference; fileEncoding = 4; lastKnownFileType = sourcecode.c.h; path = AGIPCAssetsController.h; sourceTree = "<group>"; };
		59D0347E19AF782200C0E40D /* AGIPCAssetsController.m */ = {isa = PBXFileReference; fileEncoding = 4; lastKnownFileType = sourcecode.c.objc; path = AGIPCAssetsController.m; sourceTree = "<group>"; };
		59D0347F19AF782200C0E40D /* AGIPCGridCell.h */ = {isa = PBXFileReference; fileEncoding = 4; lastKnownFileType = sourcecode.c.h; path = AGIPCGridCell.h; sourceTree = "<group>"; };
		59D0348019AF782200C0E40D /* AGIPCGridCell.m */ = {isa = PBXFileReference; fileEncoding = 4; lastKnownFileType = sourcecode.c.objc; path = AGIPCGridCell.m; sourceTree = "<group>"; };
		59D0348119AF782200C0E40D /* AGIPCGridItem.h */ = {isa = PBXFileReference; fileEncoding = 4; lastKnownFileType = sourcecode.c.h; path = AGIPCGridItem.h; sourceTree = "<group>"; };
		59D0348219AF782200C0E40D /* AGIPCGridItem.m */ = {isa = PBXFileReference; fileEncoding = 4; lastKnownFileType = sourcecode.c.objc; path = AGIPCGridItem.m; sourceTree = "<group>"; };
		59D0348319AF782200C0E40D /* AGIPCToolbarItem.h */ = {isa = PBXFileReference; fileEncoding = 4; lastKnownFileType = sourcecode.c.h; path = AGIPCToolbarItem.h; sourceTree = "<group>"; };
		59D0348419AF782200C0E40D /* AGIPCToolbarItem.m */ = {isa = PBXFileReference; fileEncoding = 4; lastKnownFileType = sourcecode.c.objc; path = AGIPCToolbarItem.m; sourceTree = "<group>"; };
		59D0348519AF782200C0E40D /* ALAsset+AGIPC.h */ = {isa = PBXFileReference; fileEncoding = 4; lastKnownFileType = sourcecode.c.h; path = "ALAsset+AGIPC.h"; sourceTree = "<group>"; };
		59D0348619AF782200C0E40D /* ALAsset+AGIPC.m */ = {isa = PBXFileReference; fileEncoding = 4; lastKnownFileType = sourcecode.c.objc; path = "ALAsset+AGIPC.m"; sourceTree = "<group>"; };
		59D0349919AF792F00C0E40D /* RTReviewAddItemDirector.h */ = {isa = PBXFileReference; fileEncoding = 4; lastKnownFileType = sourcecode.c.h; path = RTReviewAddItemDirector.h; sourceTree = "<group>"; };
		59D0349A19AF792F00C0E40D /* RTReviewAddItemDirector.m */ = {isa = PBXFileReference; fileEncoding = 4; lastKnownFileType = sourcecode.c.objc; path = RTReviewAddItemDirector.m; sourceTree = "<group>"; };
		59D0349E19AF80EF00C0E40D /* MBProgressHUD+Add.h */ = {isa = PBXFileReference; fileEncoding = 4; lastKnownFileType = sourcecode.c.h; path = "MBProgressHUD+Add.h"; sourceTree = "<group>"; };
		59D0349F19AF80EF00C0E40D /* MBProgressHUD+Add.m */ = {isa = PBXFileReference; fileEncoding = 4; lastKnownFileType = sourcecode.c.objc; path = "MBProgressHUD+Add.m"; sourceTree = "<group>"; };
		59D034A019AF80EF00C0E40D /* MBProgressHUD.bundle */ = {isa = PBXFileReference; lastKnownFileType = "wrapper.plug-in"; path = MBProgressHUD.bundle; sourceTree = "<group>"; };
		59D034A119AF80EF00C0E40D /* MBProgressHUD.h */ = {isa = PBXFileReference; fileEncoding = 4; lastKnownFileType = sourcecode.c.h; path = MBProgressHUD.h; sourceTree = "<group>"; };
		59D034A219AF80EF00C0E40D /* MBProgressHUD.m */ = {isa = PBXFileReference; fileEncoding = 4; lastKnownFileType = sourcecode.c.objc; path = MBProgressHUD.m; sourceTree = "<group>"; };
		59D034A419AF80EF00C0E40D /* MJPhoto.h */ = {isa = PBXFileReference; fileEncoding = 4; lastKnownFileType = sourcecode.c.h; path = MJPhoto.h; sourceTree = "<group>"; };
		59D034A519AF80EF00C0E40D /* MJPhoto.m */ = {isa = PBXFileReference; fileEncoding = 4; lastKnownFileType = sourcecode.c.objc; path = MJPhoto.m; sourceTree = "<group>"; };
		59D034A619AF80EF00C0E40D /* MJPhotoBrowser.bundle */ = {isa = PBXFileReference; lastKnownFileType = "wrapper.plug-in"; path = MJPhotoBrowser.bundle; sourceTree = "<group>"; };
		59D034A719AF80EF00C0E40D /* MJPhotoBrowser.h */ = {isa = PBXFileReference; fileEncoding = 4; lastKnownFileType = sourcecode.c.h; path = MJPhotoBrowser.h; sourceTree = "<group>"; };
		59D034A819AF80EF00C0E40D /* MJPhotoBrowser.m */ = {isa = PBXFileReference; fileEncoding = 4; lastKnownFileType = sourcecode.c.objc; path = MJPhotoBrowser.m; sourceTree = "<group>"; };
		59D034A919AF80EF00C0E40D /* MJPhotoLoadingView.h */ = {isa = PBXFileReference; fileEncoding = 4; lastKnownFileType = sourcecode.c.h; path = MJPhotoLoadingView.h; sourceTree = "<group>"; };
		59D034AA19AF80EF00C0E40D /* MJPhotoLoadingView.m */ = {isa = PBXFileReference; fileEncoding = 4; lastKnownFileType = sourcecode.c.objc; path = MJPhotoLoadingView.m; sourceTree = "<group>"; };
		59D034AB19AF80EF00C0E40D /* MJPhotoProgressView.h */ = {isa = PBXFileReference; fileEncoding = 4; lastKnownFileType = sourcecode.c.h; path = MJPhotoProgressView.h; sourceTree = "<group>"; };
		59D034AC19AF80EF00C0E40D /* MJPhotoProgressView.m */ = {isa = PBXFileReference; fileEncoding = 4; lastKnownFileType = sourcecode.c.objc; path = MJPhotoProgressView.m; sourceTree = "<group>"; };
		59D034AD19AF80EF00C0E40D /* MJPhotoToolbar.h */ = {isa = PBXFileReference; fileEncoding = 4; lastKnownFileType = sourcecode.c.h; path = MJPhotoToolbar.h; sourceTree = "<group>"; };
		59D034AE19AF80EF00C0E40D /* MJPhotoToolbar.m */ = {isa = PBXFileReference; fileEncoding = 4; lastKnownFileType = sourcecode.c.objc; path = MJPhotoToolbar.m; sourceTree = "<group>"; };
		59D034AF19AF80EF00C0E40D /* MJPhotoView.h */ = {isa = PBXFileReference; fileEncoding = 4; lastKnownFileType = sourcecode.c.h; path = MJPhotoView.h; sourceTree = "<group>"; };
		59D034B019AF80EF00C0E40D /* MJPhotoView.m */ = {isa = PBXFileReference; fileEncoding = 4; lastKnownFileType = sourcecode.c.objc; path = MJPhotoView.m; sourceTree = "<group>"; };
		59D034B219AF80EF00C0E40D /* MKAnnotationView+WebCache.h */ = {isa = PBXFileReference; fileEncoding = 4; lastKnownFileType = sourcecode.c.h; path = "MKAnnotationView+WebCache.h"; sourceTree = "<group>"; };
		59D034B319AF80EF00C0E40D /* MKAnnotationView+WebCache.m */ = {isa = PBXFileReference; fileEncoding = 4; lastKnownFileType = sourcecode.c.objc; path = "MKAnnotationView+WebCache.m"; sourceTree = "<group>"; };
		59D034B419AF80EF00C0E40D /* NSData+GIF.h */ = {isa = PBXFileReference; fileEncoding = 4; lastKnownFileType = sourcecode.c.h; path = "NSData+GIF.h"; sourceTree = "<group>"; };
		59D034B519AF80EF00C0E40D /* NSData+GIF.m */ = {isa = PBXFileReference; fileEncoding = 4; lastKnownFileType = sourcecode.c.objc; path = "NSData+GIF.m"; sourceTree = "<group>"; };
		59D034B619AF80EF00C0E40D /* SDImageCache.h */ = {isa = PBXFileReference; fileEncoding = 4; lastKnownFileType = sourcecode.c.h; path = SDImageCache.h; sourceTree = "<group>"; };
		59D034B719AF80EF00C0E40D /* SDImageCache.m */ = {isa = PBXFileReference; fileEncoding = 4; lastKnownFileType = sourcecode.c.objc; path = SDImageCache.m; sourceTree = "<group>"; };
		59D034B819AF80EF00C0E40D /* SDWebImageCompat.h */ = {isa = PBXFileReference; fileEncoding = 4; lastKnownFileType = sourcecode.c.h; path = SDWebImageCompat.h; sourceTree = "<group>"; };
		59D034B919AF80F000C0E40D /* SDWebImageCompat.m */ = {isa = PBXFileReference; fileEncoding = 4; lastKnownFileType = sourcecode.c.objc; path = SDWebImageCompat.m; sourceTree = "<group>"; };
		59D034BA19AF80F000C0E40D /* SDWebImageDecoder.h */ = {isa = PBXFileReference; fileEncoding = 4; lastKnownFileType = sourcecode.c.h; path = SDWebImageDecoder.h; sourceTree = "<group>"; };
		59D034BB19AF80F000C0E40D /* SDWebImageDecoder.m */ = {isa = PBXFileReference; fileEncoding = 4; lastKnownFileType = sourcecode.c.objc; path = SDWebImageDecoder.m; sourceTree = "<group>"; };
		59D034BC19AF80F000C0E40D /* SDWebImageDownloader.h */ = {isa = PBXFileReference; fileEncoding = 4; lastKnownFileType = sourcecode.c.h; path = SDWebImageDownloader.h; sourceTree = "<group>"; };
		59D034BD19AF80F000C0E40D /* SDWebImageDownloader.m */ = {isa = PBXFileReference; fileEncoding = 4; lastKnownFileType = sourcecode.c.objc; path = SDWebImageDownloader.m; sourceTree = "<group>"; };
		59D034BE19AF80F000C0E40D /* SDWebImageDownloaderOperation.h */ = {isa = PBXFileReference; fileEncoding = 4; lastKnownFileType = sourcecode.c.h; path = SDWebImageDownloaderOperation.h; sourceTree = "<group>"; };
		59D034BF19AF80F000C0E40D /* SDWebImageDownloaderOperation.m */ = {isa = PBXFileReference; fileEncoding = 4; lastKnownFileType = sourcecode.c.objc; path = SDWebImageDownloaderOperation.m; sourceTree = "<group>"; };
		59D034C019AF80F000C0E40D /* SDWebImageManager+MJ.h */ = {isa = PBXFileReference; fileEncoding = 4; lastKnownFileType = sourcecode.c.h; path = "SDWebImageManager+MJ.h"; sourceTree = "<group>"; };
		59D034C119AF80F000C0E40D /* SDWebImageManager+MJ.m */ = {isa = PBXFileReference; fileEncoding = 4; lastKnownFileType = sourcecode.c.objc; path = "SDWebImageManager+MJ.m"; sourceTree = "<group>"; };
		59D034C219AF80F000C0E40D /* SDWebImageManager.h */ = {isa = PBXFileReference; fileEncoding = 4; lastKnownFileType = sourcecode.c.h; path = SDWebImageManager.h; sourceTree = "<group>"; };
		59D034C319AF80F000C0E40D /* SDWebImageManager.m */ = {isa = PBXFileReference; fileEncoding = 4; lastKnownFileType = sourcecode.c.objc; path = SDWebImageManager.m; sourceTree = "<group>"; };
		59D034C419AF80F000C0E40D /* SDWebImageOperation.h */ = {isa = PBXFileReference; fileEncoding = 4; lastKnownFileType = sourcecode.c.h; path = SDWebImageOperation.h; sourceTree = "<group>"; };
		59D034C519AF80F000C0E40D /* SDWebImagePrefetcher.h */ = {isa = PBXFileReference; fileEncoding = 4; lastKnownFileType = sourcecode.c.h; path = SDWebImagePrefetcher.h; sourceTree = "<group>"; };
		59D034C619AF80F000C0E40D /* SDWebImagePrefetcher.m */ = {isa = PBXFileReference; fileEncoding = 4; lastKnownFileType = sourcecode.c.objc; path = SDWebImagePrefetcher.m; sourceTree = "<group>"; };
		59D034C719AF80F000C0E40D /* UIButton+WebCache.h */ = {isa = PBXFileReference; fileEncoding = 4; lastKnownFileType = sourcecode.c.h; path = "UIButton+WebCache.h"; sourceTree = "<group>"; };
		59D034C819AF80F000C0E40D /* UIButton+WebCache.m */ = {isa = PBXFileReference; fileEncoding = 4; lastKnownFileType = sourcecode.c.objc; path = "UIButton+WebCache.m"; sourceTree = "<group>"; };
		59D034C919AF80F000C0E40D /* UIImage+GIF.h */ = {isa = PBXFileReference; fileEncoding = 4; lastKnownFileType = sourcecode.c.h; path = "UIImage+GIF.h"; sourceTree = "<group>"; };
		59D034CA19AF80F000C0E40D /* UIImage+GIF.m */ = {isa = PBXFileReference; fileEncoding = 4; lastKnownFileType = sourcecode.c.objc; path = "UIImage+GIF.m"; sourceTree = "<group>"; };
		59D034CB19AF80F000C0E40D /* UIImage+MultiFormat.h */ = {isa = PBXFileReference; fileEncoding = 4; lastKnownFileType = sourcecode.c.h; path = "UIImage+MultiFormat.h"; sourceTree = "<group>"; };
		59D034CC19AF80F000C0E40D /* UIImage+MultiFormat.m */ = {isa = PBXFileReference; fileEncoding = 4; lastKnownFileType = sourcecode.c.objc; path = "UIImage+MultiFormat.m"; sourceTree = "<group>"; };
		59D034CD19AF80F000C0E40D /* UIImage+WebP.h */ = {isa = PBXFileReference; fileEncoding = 4; lastKnownFileType = sourcecode.c.h; path = "UIImage+WebP.h"; sourceTree = "<group>"; };
		59D034CE19AF80F000C0E40D /* UIImage+WebP.m */ = {isa = PBXFileReference; fileEncoding = 4; lastKnownFileType = sourcecode.c.objc; path = "UIImage+WebP.m"; sourceTree = "<group>"; };
		59D034CF19AF80F000C0E40D /* UIImageView+MJWebCache.h */ = {isa = PBXFileReference; fileEncoding = 4; lastKnownFileType = sourcecode.c.h; path = "UIImageView+MJWebCache.h"; sourceTree = "<group>"; };
		59D034D019AF80F000C0E40D /* UIImageView+MJWebCache.m */ = {isa = PBXFileReference; fileEncoding = 4; lastKnownFileType = sourcecode.c.objc; path = "UIImageView+MJWebCache.m"; sourceTree = "<group>"; };
		59D034D119AF80F000C0E40D /* UIImageView+WebCache.h */ = {isa = PBXFileReference; fileEncoding = 4; lastKnownFileType = sourcecode.c.h; path = "UIImageView+WebCache.h"; sourceTree = "<group>"; };
		59D034D219AF80F000C0E40D /* UIImageView+WebCache.m */ = {isa = PBXFileReference; fileEncoding = 4; lastKnownFileType = sourcecode.c.objc; path = "UIImageView+WebCache.m"; sourceTree = "<group>"; };
		59D0350B19AF8E5200C0E40D /* ItemListTableViewController.h */ = {isa = PBXFileReference; fileEncoding = 4; lastKnownFileType = sourcecode.c.h; path = ItemListTableViewController.h; sourceTree = "<group>"; };
		59D0350C19AF8E5200C0E40D /* ItemListTableViewController.m */ = {isa = PBXFileReference; fileEncoding = 4; lastKnownFileType = sourcecode.c.objc; path = ItemListTableViewController.m; sourceTree = "<group>"; };
		7E4C7EF519D16EA600DD8BAF /* UIImageView+setPath.h */ = {isa = PBXFileReference; fileEncoding = 4; lastKnownFileType = sourcecode.c.h; path = "UIImageView+setPath.h"; sourceTree = "<group>"; };
		7E4C7EF619D16EA600DD8BAF /* UIImageView+setPath.m */ = {isa = PBXFileReference; fileEncoding = 4; lastKnownFileType = sourcecode.c.objc; path = "UIImageView+setPath.m"; sourceTree = "<group>"; };
		7E4C7EFA19D1701000DD8BAF /* ItemListCell.h */ = {isa = PBXFileReference; fileEncoding = 4; lastKnownFileType = sourcecode.c.h; path = ItemListCell.h; sourceTree = "<group>"; };
		7E4C7EFB19D1701000DD8BAF /* ItemListCell.m */ = {isa = PBXFileReference; fileEncoding = 4; lastKnownFileType = sourcecode.c.objc; path = ItemListCell.m; sourceTree = "<group>"; };
		7E4C7EFF19D270A300DD8BAF /* TimeRecorder.h */ = {isa = PBXFileReference; fileEncoding = 4; lastKnownFileType = sourcecode.c.h; path = TimeRecorder.h; sourceTree = "<group>"; };
		7E4C7F0019D270A300DD8BAF /* TimeRecorder.m */ = {isa = PBXFileReference; fileEncoding = 4; lastKnownFileType = sourcecode.c.objc; path = TimeRecorder.m; sourceTree = "<group>"; };
		7E4C7F0419D2A6BB00DD8BAF /* ImageCompressor.h */ = {isa = PBXFileReference; fileEncoding = 4; lastKnownFileType = sourcecode.c.h; path = ImageCompressor.h; sourceTree = "<group>"; };
		7E4C7F0519D2A6BB00DD8BAF /* ImageCompressor.m */ = {isa = PBXFileReference; fileEncoding = 4; lastKnownFileType = sourcecode.c.objc; path = ImageCompressor.m; sourceTree = "<group>"; };
		7E4C7F0919D2C5FC00DD8BAF /* RTLoadingView.h */ = {isa = PBXFileReference; fileEncoding = 4; lastKnownFileType = sourcecode.c.h; path = RTLoadingView.h; sourceTree = "<group>"; };
		7E4C7F0A19D2C5FC00DD8BAF /* RTLoadingView.m */ = {isa = PBXFileReference; fileEncoding = 4; lastKnownFileType = sourcecode.c.objc; path = RTLoadingView.m; sourceTree = "<group>"; };
		7E74D7AD19D1533D00D51746 /* DateUtils.h */ = {isa = PBXFileReference; fileEncoding = 4; lastKnownFileType = sourcecode.c.h; path = DateUtils.h; sourceTree = "<group>"; };
		7E74D7AE19D1533D00D51746 /* DateUtils.m */ = {isa = PBXFileReference; fileEncoding = 4; lastKnownFileType = sourcecode.c.objc; path = DateUtils.m; sourceTree = "<group>"; };
		7E74D7B219D1534600D51746 /* DayCellView.h */ = {isa = PBXFileReference; fileEncoding = 4; lastKnownFileType = sourcecode.c.h; path = DayCellView.h; sourceTree = "<group>"; };
		7E74D7B319D1534600D51746 /* DayCellView.m */ = {isa = PBXFileReference; fileEncoding = 4; lastKnownFileType = sourcecode.c.objc; path = DayCellView.m; sourceTree = "<group>"; };
		7E74D7B419D1534600D51746 /* EventDayCellView.h */ = {isa = PBXFileReference; fileEncoding = 4; lastKnownFileType = sourcecode.c.h; path = EventDayCellView.h; sourceTree = "<group>"; };
		7E74D7B519D1534600D51746 /* EventDayCellView.m */ = {isa = PBXFileReference; fileEncoding = 4; lastKnownFileType = sourcecode.c.objc; path = EventDayCellView.m; sourceTree = "<group>"; };
		7E74D7B619D1534600D51746 /* MonthView.h */ = {isa = PBXFileReference; fileEncoding = 4; lastKnownFileType = sourcecode.c.h; path = MonthView.h; sourceTree = "<group>"; };
		7E74D7B719D1534600D51746 /* MonthView.m */ = {isa = PBXFileReference; fileEncoding = 4; lastKnownFileType = sourcecode.c.objc; path = MonthView.m; sourceTree = "<group>"; };
		7E74D7B819D1534600D51746 /* NumberDayCellView.h */ = {isa = PBXFileReference; fileEncoding = 4; lastKnownFileType = sourcecode.c.h; path = NumberDayCellView.h; sourceTree = "<group>"; };
		7E74D7B919D1534600D51746 /* NumberDayCellView.m */ = {isa = PBXFileReference; fileEncoding = 4; lastKnownFileType = sourcecode.c.objc; path = NumberDayCellView.m; sourceTree = "<group>"; };
		7E886C8D19BD8AAE00AA5784 /* ReviewFacade.h */ = {isa = PBXFileReference; fileEncoding = 4; lastKnownFileType = sourcecode.c.h; path = ReviewFacade.h; sourceTree = "<group>"; };
		7E886C8E19BD8AAE00AA5784 /* ReviewFacade.m */ = {isa = PBXFileReference; fileEncoding = 4; lastKnownFileType = sourcecode.c.objc; path = ReviewFacade.m; sourceTree = "<group>"; };
		7EA563D819CA90A8001FC13B /* remember.entitlements */ = {isa = PBXFileReference; lastKnownFileType = text.xml; path = remember.entitlements; sourceTree = "<group>"; };
		7EAB3A0019A1944200024E00 /* remember.app */ = {isa = PBXFileReference; explicitFileType = wrapper.application; includeInIndex = 0; path = remember.app; sourceTree = BUILT_PRODUCTS_DIR; };
		7EAB3A0319A1944200024E00 /* Foundation.framework */ = {isa = PBXFileReference; lastKnownFileType = wrapper.framework; name = Foundation.framework; path = System/Library/Frameworks/Foundation.framework; sourceTree = SDKROOT; };
		7EAB3A0519A1944200024E00 /* CoreGraphics.framework */ = {isa = PBXFileReference; lastKnownFileType = wrapper.framework; name = CoreGraphics.framework; path = System/Library/Frameworks/CoreGraphics.framework; sourceTree = SDKROOT; };
		7EAB3A0719A1944200024E00 /* UIKit.framework */ = {isa = PBXFileReference; lastKnownFileType = wrapper.framework; name = UIKit.framework; path = System/Library/Frameworks/UIKit.framework; sourceTree = SDKROOT; };
		7EAB3A0B19A1944200024E00 /* remember-Info.plist */ = {isa = PBXFileReference; lastKnownFileType = text.plist.xml; path = "remember-Info.plist"; sourceTree = "<group>"; };
		7EAB3A0D19A1944200024E00 /* en */ = {isa = PBXFileReference; lastKnownFileType = text.plist.strings; name = en; path = en.lproj/InfoPlist.strings; sourceTree = "<group>"; };
		7EAB3A0F19A1944200024E00 /* main.m */ = {isa = PBXFileReference; lastKnownFileType = sourcecode.c.objc; path = main.m; sourceTree = "<group>"; };
		7EAB3A1119A1944200024E00 /* remember-Prefix.pch */ = {isa = PBXFileReference; lastKnownFileType = sourcecode.c.h; path = "remember-Prefix.pch"; sourceTree = "<group>"; };
		7EAB3A1219A1944200024E00 /* AppDelegate.h */ = {isa = PBXFileReference; lastKnownFileType = sourcecode.c.h; path = AppDelegate.h; sourceTree = "<group>"; };
		7EAB3A1319A1944200024E00 /* AppDelegate.m */ = {isa = PBXFileReference; lastKnownFileType = sourcecode.c.objc; path = AppDelegate.m; sourceTree = "<group>"; };
		7EAB3A1519A1944200024E00 /* Images.xcassets */ = {isa = PBXFileReference; lastKnownFileType = folder.assetcatalog; path = Images.xcassets; sourceTree = "<group>"; };
		7EAB3A1B19A1944200024E00 /* rememberTests.xctest */ = {isa = PBXFileReference; explicitFileType = wrapper.cfbundle; includeInIndex = 0; path = rememberTests.xctest; sourceTree = BUILT_PRODUCTS_DIR; };
		7EAB3A1C19A1944200024E00 /* XCTest.framework */ = {isa = PBXFileReference; lastKnownFileType = wrapper.framework; name = XCTest.framework; path = Library/Frameworks/XCTest.framework; sourceTree = DEVELOPER_DIR; };
		7EAB3A2419A1944200024E00 /* rememberTests-Info.plist */ = {isa = PBXFileReference; lastKnownFileType = text.plist.xml; path = "rememberTests-Info.plist"; sourceTree = "<group>"; };
		7EAB3A2619A1944200024E00 /* en */ = {isa = PBXFileReference; lastKnownFileType = text.plist.strings; name = en; path = en.lproj/InfoPlist.strings; sourceTree = "<group>"; };
		7EAB3A2819A1944200024E00 /* rememberTests.m */ = {isa = PBXFileReference; lastKnownFileType = sourcecode.c.objc; path = rememberTests.m; sourceTree = "<group>"; };
		7EAB3A3319A1949900024E00 /* ReviewItem.h */ = {isa = PBXFileReference; fileEncoding = 4; lastKnownFileType = sourcecode.c.h; path = ReviewItem.h; sourceTree = "<group>"; };
		7EAB3A3419A1949900024E00 /* ReviewItem.m */ = {isa = PBXFileReference; fileEncoding = 4; lastKnownFileType = sourcecode.c.objc; path = ReviewItem.m; sourceTree = "<group>"; };
		7EAB3A4619A1A2BE00024E00 /* DateConfig.h */ = {isa = PBXFileReference; fileEncoding = 4; lastKnownFileType = sourcecode.c.h; path = DateConfig.h; sourceTree = "<group>"; };
		7EAB3A4819A1EDE000024E00 /* UniqueID.h */ = {isa = PBXFileReference; fileEncoding = 4; lastKnownFileType = sourcecode.c.h; path = UniqueID.h; sourceTree = "<group>"; };
		7EAB3A4919A1EDE000024E00 /* UniqueID.m */ = {isa = PBXFileReference; fileEncoding = 4; lastKnownFileType = sourcecode.c.objc; path = UniqueID.m; sourceTree = "<group>"; };
		7EAB3A5119A2FD8E00024E00 /* ReviewItemGenerator.h */ = {isa = PBXFileReference; fileEncoding = 4; lastKnownFileType = sourcecode.c.h; path = ReviewItemGenerator.h; sourceTree = "<group>"; };
		7EAB3A5219A2FD8E00024E00 /* ReviewItemGenerator.m */ = {isa = PBXFileReference; fileEncoding = 4; lastKnownFileType = sourcecode.c.objc; path = ReviewItemGenerator.m; sourceTree = "<group>"; };
/* End PBXFileReference section */

/* Begin PBXFrameworksBuildPhase section */
		7EAB39FD19A1944200024E00 /* Frameworks */ = {
			isa = PBXFrameworksBuildPhase;
			buildActionMask = 2147483647;
			files = (
				7EAB3A0619A1944200024E00 /* CoreGraphics.framework in Frameworks */,
				7EAB3A0819A1944200024E00 /* UIKit.framework in Frameworks */,
				7EAB3A0419A1944200024E00 /* Foundation.framework in Frameworks */,
			);
			runOnlyForDeploymentPostprocessing = 0;
		};
		7EAB3A1819A1944200024E00 /* Frameworks */ = {
			isa = PBXFrameworksBuildPhase;
			buildActionMask = 2147483647;
			files = (
				7EAB3A1D19A1944200024E00 /* XCTest.framework in Frameworks */,
				7EAB3A1F19A1944200024E00 /* UIKit.framework in Frameworks */,
				7EAB3A1E19A1944200024E00 /* Foundation.framework in Frameworks */,
			);
			runOnlyForDeploymentPostprocessing = 0;
		};
/* End PBXFrameworksBuildPhase section */

/* Begin PBXGroup section */
		5983792E19A24B3700AD4BC7 /* FIlePath */ = {
			isa = PBXGroup;
			children = (
				5983792F19A24B4400AD4BC7 /* FilePath.h */,
				5983793019A24B4400AD4BC7 /* FilePath.m */,
			);
			path = FIlePath;
			sourceTree = "<group>";
		};
		5983794119A38C7300AD4BC7 /* ViewController */ = {
			isa = PBXGroup;
			children = (
				7E4C7EF919D1700500DD8BAF /* View */,
				5983794219A38C8400AD4BC7 /* HomeViewController.h */,
				5983794319A38C8400AD4BC7 /* HomeViewController.m */,
				59D0350B19AF8E5200C0E40D /* ItemListTableViewController.h */,
				59D0350C19AF8E5200C0E40D /* ItemListTableViewController.m */,
			);
			path = ViewController;
			sourceTree = "<group>";
		};
		5992BCA219C34AEA00339FC5 /* PhotoTakerUnit */ = {
			isa = PBXGroup;
			children = (
				5992BCA319C34B1C00339FC5 /* PhotoTakerUnit.h */,
				5992BCA419C34B1C00339FC5 /* PhotoTakerUnit.m */,
			);
			path = PhotoTakerUnit;
			sourceTree = "<group>";
		};
		59D0346C19AF775100C0E40D /* Controller */ = {
			isa = PBXGroup;
			children = (
				59D0346E19AF778400C0E40D /* Director */,
			);
			path = Controller;
			sourceTree = "<group>";
		};
		59D0346E19AF778400C0E40D /* Director */ = {
			isa = PBXGroup;
			children = (
				59D0346F19AF779C00C0E40D /* RTDirector.h */,
				59D0349919AF792F00C0E40D /* RTReviewAddItemDirector.h */,
				59D0349A19AF792F00C0E40D /* RTReviewAddItemDirector.m */,
			);
			path = Director;
			sourceTree = "<group>";
		};
		59D0347319AF781600C0E40D /* OpenResource */ = {
			isa = PBXGroup;
			children = (
				59D0349D19AF80EF00C0E40D /* MBProgressHUD */,
				59D034A319AF80EF00C0E40D /* MJPhotoBrowser */,
				59D034B119AF80EF00C0E40D /* SDWebImage */,
				59D0347419AF782200C0E40D /* AGImagePickerController */,
			);
			path = OpenResource;
			sourceTree = "<group>";
		};
		59D0347419AF782200C0E40D /* AGImagePickerController */ = {
			isa = PBXGroup;
			children = (
				59D0347519AF782200C0E40D /* AGImagePickerController+Helper.h */,
				59D0347619AF782200C0E40D /* AGImagePickerController+Helper.m */,
				59D0347719AF782200C0E40D /* AGImagePickerController.bundle */,
				59D0347819AF782200C0E40D /* AGImagePickerController.h */,
				59D0347919AF782200C0E40D /* AGImagePickerController.m */,
				59D0347A19AF782200C0E40D /* AGImagePickerControllerDefines.h */,
				59D0347B19AF782200C0E40D /* AGIPCAlbumsController.h */,
				59D0347C19AF782200C0E40D /* AGIPCAlbumsController.m */,
				59D0347D19AF782200C0E40D /* AGIPCAssetsController.h */,
				59D0347E19AF782200C0E40D /* AGIPCAssetsController.m */,
				59D0347F19AF782200C0E40D /* AGIPCGridCell.h */,
				59D0348019AF782200C0E40D /* AGIPCGridCell.m */,
				59D0348119AF782200C0E40D /* AGIPCGridItem.h */,
				59D0348219AF782200C0E40D /* AGIPCGridItem.m */,
				59D0348319AF782200C0E40D /* AGIPCToolbarItem.h */,
				59D0348419AF782200C0E40D /* AGIPCToolbarItem.m */,
				59D0348519AF782200C0E40D /* ALAsset+AGIPC.h */,
				59D0348619AF782200C0E40D /* ALAsset+AGIPC.m */,
			);
			path = AGImagePickerController;
			sourceTree = "<group>";
		};
		59D0349D19AF80EF00C0E40D /* MBProgressHUD */ = {
			isa = PBXGroup;
			children = (
				59D0349E19AF80EF00C0E40D /* MBProgressHUD+Add.h */,
				59D0349F19AF80EF00C0E40D /* MBProgressHUD+Add.m */,
				59D034A019AF80EF00C0E40D /* MBProgressHUD.bundle */,
				59D034A119AF80EF00C0E40D /* MBProgressHUD.h */,
				59D034A219AF80EF00C0E40D /* MBProgressHUD.m */,
			);
			path = MBProgressHUD;
			sourceTree = "<group>";
		};
		59D034A319AF80EF00C0E40D /* MJPhotoBrowser */ = {
			isa = PBXGroup;
			children = (
				59D034A419AF80EF00C0E40D /* MJPhoto.h */,
				59D034A519AF80EF00C0E40D /* MJPhoto.m */,
				59D034A619AF80EF00C0E40D /* MJPhotoBrowser.bundle */,
				59D034A719AF80EF00C0E40D /* MJPhotoBrowser.h */,
				59D034A819AF80EF00C0E40D /* MJPhotoBrowser.m */,
				59D034A919AF80EF00C0E40D /* MJPhotoLoadingView.h */,
				59D034AA19AF80EF00C0E40D /* MJPhotoLoadingView.m */,
				59D034AB19AF80EF00C0E40D /* MJPhotoProgressView.h */,
				59D034AC19AF80EF00C0E40D /* MJPhotoProgressView.m */,
				59D034AD19AF80EF00C0E40D /* MJPhotoToolbar.h */,
				59D034AE19AF80EF00C0E40D /* MJPhotoToolbar.m */,
				59D034AF19AF80EF00C0E40D /* MJPhotoView.h */,
				59D034B019AF80EF00C0E40D /* MJPhotoView.m */,
			);
			path = MJPhotoBrowser;
			sourceTree = "<group>";
		};
		59D034B119AF80EF00C0E40D /* SDWebImage */ = {
			isa = PBXGroup;
			children = (
				59D034B219AF80EF00C0E40D /* MKAnnotationView+WebCache.h */,
				59D034B319AF80EF00C0E40D /* MKAnnotationView+WebCache.m */,
				59D034B419AF80EF00C0E40D /* NSData+GIF.h */,
				59D034B519AF80EF00C0E40D /* NSData+GIF.m */,
				59D034B619AF80EF00C0E40D /* SDImageCache.h */,
				59D034B719AF80EF00C0E40D /* SDImageCache.m */,
				59D034B819AF80EF00C0E40D /* SDWebImageCompat.h */,
				59D034B919AF80F000C0E40D /* SDWebImageCompat.m */,
				59D034BA19AF80F000C0E40D /* SDWebImageDecoder.h */,
				59D034BB19AF80F000C0E40D /* SDWebImageDecoder.m */,
				59D034BC19AF80F000C0E40D /* SDWebImageDownloader.h */,
				59D034BD19AF80F000C0E40D /* SDWebImageDownloader.m */,
				59D034BE19AF80F000C0E40D /* SDWebImageDownloaderOperation.h */,
				59D034BF19AF80F000C0E40D /* SDWebImageDownloaderOperation.m */,
				59D034C019AF80F000C0E40D /* SDWebImageManager+MJ.h */,
				59D034C119AF80F000C0E40D /* SDWebImageManager+MJ.m */,
				59D034C219AF80F000C0E40D /* SDWebImageManager.h */,
				59D034C319AF80F000C0E40D /* SDWebImageManager.m */,
				59D034C419AF80F000C0E40D /* SDWebImageOperation.h */,
				59D034C519AF80F000C0E40D /* SDWebImagePrefetcher.h */,
				59D034C619AF80F000C0E40D /* SDWebImagePrefetcher.m */,
				59D034C719AF80F000C0E40D /* UIButton+WebCache.h */,
				59D034C819AF80F000C0E40D /* UIButton+WebCache.m */,
				59D034C919AF80F000C0E40D /* UIImage+GIF.h */,
				59D034CA19AF80F000C0E40D /* UIImage+GIF.m */,
				59D034CB19AF80F000C0E40D /* UIImage+MultiFormat.h */,
				59D034CC19AF80F000C0E40D /* UIImage+MultiFormat.m */,
				59D034CD19AF80F000C0E40D /* UIImage+WebP.h */,
				59D034CE19AF80F000C0E40D /* UIImage+WebP.m */,
				59D034CF19AF80F000C0E40D /* UIImageView+MJWebCache.h */,
				59D034D019AF80F000C0E40D /* UIImageView+MJWebCache.m */,
				59D034D119AF80F000C0E40D /* UIImageView+WebCache.h */,
				59D034D219AF80F000C0E40D /* UIImageView+WebCache.m */,
			);
			path = SDWebImage;
			sourceTree = "<group>";
		};
		7E4C7EF419D16E9C00DD8BAF /* UIImageView+setPath */ = {
			isa = PBXGroup;
			children = (
				7E4C7EF519D16EA600DD8BAF /* UIImageView+setPath.h */,
				7E4C7EF619D16EA600DD8BAF /* UIImageView+setPath.m */,
			);
			path = "UIImageView+setPath";
			sourceTree = "<group>";
		};
		7E4C7EF919D1700500DD8BAF /* View */ = {
			isa = PBXGroup;
			children = (
				7E4C7EFA19D1701000DD8BAF /* ItemListCell.h */,
				7E4C7EFB19D1701000DD8BAF /* ItemListCell.m */,
			);
			path = View;
			sourceTree = "<group>";
		};
		7E4C7EFE19D2709A00DD8BAF /* TimeRecord */ = {
			isa = PBXGroup;
			children = (
				7E4C7EFF19D270A300DD8BAF /* TimeRecorder.h */,
				7E4C7F0019D270A300DD8BAF /* TimeRecorder.m */,
			);
			path = TimeRecord;
			sourceTree = "<group>";
		};
		7E4C7F0319D2A65F00DD8BAF /* ImageCompressor */ = {
			isa = PBXGroup;
			children = (
				7E4C7F0419D2A6BB00DD8BAF /* ImageCompressor.h */,
				7E4C7F0519D2A6BB00DD8BAF /* ImageCompressor.m */,
			);
			path = ImageCompressor;
			sourceTree = "<group>";
		};
		7E4C7F0819D2C5E500DD8BAF /* Loading */ = {
			isa = PBXGroup;
			children = (
				7E4C7F0919D2C5FC00DD8BAF /* RTLoadingView.h */,
				7E4C7F0A19D2C5FC00DD8BAF /* RTLoadingView.m */,
			);
			path = Loading;
			sourceTree = "<group>";
		};
		7E74D7AC19D1533D00D51746 /* DateUtils */ = {
			isa = PBXGroup;
			children = (
				7E74D7AD19D1533D00D51746 /* DateUtils.h */,
				7E74D7AE19D1533D00D51746 /* DateUtils.m */,
			);
			name = DateUtils;
			path = ../../../DateUtils/DateUtils;
			sourceTree = "<group>";
		};
		7E74D7B119D1534600D51746 /* RTCalendarView */ = {
			isa = PBXGroup;
			children = (
				7E74D7B219D1534600D51746 /* DayCellView.h */,
				7E74D7B319D1534600D51746 /* DayCellView.m */,
				7E74D7B419D1534600D51746 /* EventDayCellView.h */,
				7E74D7B519D1534600D51746 /* EventDayCellView.m */,
				7E74D7B619D1534600D51746 /* MonthView.h */,
				7E74D7B719D1534600D51746 /* MonthView.m */,
				7E74D7B819D1534600D51746 /* NumberDayCellView.h */,
				7E74D7B919D1534600D51746 /* NumberDayCellView.m */,
			);
			name = RTCalendarView;
			path = ../../../RTCalendarViewDemo/RTCalendarViewDemo/RTCalendarView;
			sourceTree = "<group>";
		};
		7E886C9119BDAA2800AA5784 /* Resource */ = {
			isa = PBXGroup;
			children = (
			);
			path = Resource;
			sourceTree = "<group>";
		};
		7EAB39F719A1944200024E00 = {
			isa = PBXGroup;
			children = (
				7EAB3A0919A1944200024E00 /* remember */,
				7EAB3A2219A1944200024E00 /* rememberTests */,
				7EAB3A0219A1944200024E00 /* Frameworks */,
				7EAB3A0119A1944200024E00 /* Products */,
			);
			sourceTree = "<group>";
		};
		7EAB3A0119A1944200024E00 /* Products */ = {
			isa = PBXGroup;
			children = (
				7EAB3A0019A1944200024E00 /* remember.app */,
				7EAB3A1B19A1944200024E00 /* rememberTests.xctest */,
			);
			name = Products;
			sourceTree = "<group>";
		};
		7EAB3A0219A1944200024E00 /* Frameworks */ = {
			isa = PBXGroup;
			children = (
				7EAB3A0319A1944200024E00 /* Foundation.framework */,
				7EAB3A0519A1944200024E00 /* CoreGraphics.framework */,
				7EAB3A0719A1944200024E00 /* UIKit.framework */,
				7EAB3A1C19A1944200024E00 /* XCTest.framework */,
			);
			name = Frameworks;
			sourceTree = "<group>";
		};
		7EAB3A0919A1944200024E00 /* remember */ = {
			isa = PBXGroup;
			children = (
				7EA563D819CA90A8001FC13B /* remember.entitlements */,
				7E886C9119BDAA2800AA5784 /* Resource */,
				59D0347319AF781600C0E40D /* OpenResource */,
				59D0346C19AF775100C0E40D /* Controller */,
				5983794119A38C7300AD4BC7 /* ViewController */,
				7EAB3A4519A1A29F00024E00 /* Prefix */,
				7EAB3A3619A19AB800024E00 /* Common */,
				7EAB3A3219A1948A00024E00 /* Model */,
				7EAB3A1219A1944200024E00 /* AppDelegate.h */,
				7EAB3A1319A1944200024E00 /* AppDelegate.m */,
				7EAB3A1519A1944200024E00 /* Images.xcassets */,
				7EAB3A0A19A1944200024E00 /* Supporting Files */,
			);
			path = remember;
			sourceTree = "<group>";
		};
		7EAB3A0A19A1944200024E00 /* Supporting Files */ = {
			isa = PBXGroup;
			children = (
				7EAB3A0B19A1944200024E00 /* remember-Info.plist */,
				7EAB3A0C19A1944200024E00 /* InfoPlist.strings */,
				7EAB3A0F19A1944200024E00 /* main.m */,
				7EAB3A1119A1944200024E00 /* remember-Prefix.pch */,
			);
			name = "Supporting Files";
			sourceTree = "<group>";
		};
		7EAB3A2219A1944200024E00 /* rememberTests */ = {
			isa = PBXGroup;
			children = (
				7EAB3A2819A1944200024E00 /* rememberTests.m */,
				7EAB3A2319A1944200024E00 /* Supporting Files */,
			);
			path = rememberTests;
			sourceTree = "<group>";
		};
		7EAB3A2319A1944200024E00 /* Supporting Files */ = {
			isa = PBXGroup;
			children = (
				7EAB3A2419A1944200024E00 /* rememberTests-Info.plist */,
				7EAB3A2519A1944200024E00 /* InfoPlist.strings */,
			);
			name = "Supporting Files";
			sourceTree = "<group>";
		};
		7EAB3A3219A1948A00024E00 /* Model */ = {
			isa = PBXGroup;
			children = (
				7EAB3A3319A1949900024E00 /* ReviewItem.h */,
				7EAB3A3419A1949900024E00 /* ReviewItem.m */,
				5983792519A2447C00AD4BC7 /* ReviewItemManager.h */,
				5983792619A2447C00AD4BC7 /* ReviewItemManager.m */,
				7EAB3A5119A2FD8E00024E00 /* ReviewItemGenerator.h */,
				7EAB3A5219A2FD8E00024E00 /* ReviewItemGenerator.m */,
				7E886C8D19BD8AAE00AA5784 /* ReviewFacade.h */,
				7E886C8E19BD8AAE00AA5784 /* ReviewFacade.m */,
			);
			path = Model;
			sourceTree = "<group>";
		};
		7EAB3A3619A19AB800024E00 /* Common */ = {
			isa = PBXGroup;
			children = (
				7E4C7F0819D2C5E500DD8BAF /* Loading */,
				7E4C7F0319D2A65F00DD8BAF /* ImageCompressor */,
				7E4C7EFE19D2709A00DD8BAF /* TimeRecord */,
				7E4C7EF419D16E9C00DD8BAF /* UIImageView+setPath */,
				7E74D7B119D1534600D51746 /* RTCalendarView */,
				7E74D7AC19D1533D00D51746 /* DateUtils */,
				5992BCA219C34AEA00339FC5 /* PhotoTakerUnit */,
				5983792E19A24B3700AD4BC7 /* FIlePath */,
				7EAB3A4719A1EDCD00024E00 /* UniqueID */,
			);
			path = Common;
			sourceTree = "<group>";
		};
		7EAB3A4519A1A29F00024E00 /* Prefix */ = {
			isa = PBXGroup;
			children = (
				7EAB3A4619A1A2BE00024E00 /* DateConfig.h */,
			);
			path = Prefix;
			sourceTree = "<group>";
		};
		7EAB3A4719A1EDCD00024E00 /* UniqueID */ = {
			isa = PBXGroup;
			children = (
				7EAB3A4819A1EDE000024E00 /* UniqueID.h */,
				7EAB3A4919A1EDE000024E00 /* UniqueID.m */,
			);
			path = UniqueID;
			sourceTree = "<group>";
		};
/* End PBXGroup section */

/* Begin PBXNativeTarget section */
		7EAB39FF19A1944200024E00 /* remember */ = {
			isa = PBXNativeTarget;
			buildConfigurationList = 7EAB3A2C19A1944200024E00 /* Build configuration list for PBXNativeTarget "remember" */;
			buildPhases = (
				7EAB39FC19A1944200024E00 /* Sources */,
				7EAB39FD19A1944200024E00 /* Frameworks */,
				7EAB39FE19A1944200024E00 /* Resources */,
			);
			buildRules = (
			);
			dependencies = (
			);
			name = remember;
			productName = remember;
			productReference = 7EAB3A0019A1944200024E00 /* remember.app */;
			productType = "com.apple.product-type.application";
		};
		7EAB3A1A19A1944200024E00 /* rememberTests */ = {
			isa = PBXNativeTarget;
			buildConfigurationList = 7EAB3A2F19A1944200024E00 /* Build configuration list for PBXNativeTarget "rememberTests" */;
			buildPhases = (
				7EAB3A1719A1944200024E00 /* Sources */,
				7EAB3A1819A1944200024E00 /* Frameworks */,
				7EAB3A1919A1944200024E00 /* Resources */,
			);
			buildRules = (
			);
			dependencies = (
				7EAB3A2119A1944200024E00 /* PBXTargetDependency */,
			);
			name = rememberTests;
			productName = rememberTests;
			productReference = 7EAB3A1B19A1944200024E00 /* rememberTests.xctest */;
			productType = "com.apple.product-type.bundle.unit-test";
		};
/* End PBXNativeTarget section */

/* Begin PBXProject section */
		7EAB39F819A1944200024E00 /* Project object */ = {
			isa = PBXProject;
			attributes = {
				LastUpgradeCheck = 0510;
				ORGANIZATIONNAME = "Uncoped Studio";
				TargetAttributes = {
					7EAB39FF19A1944200024E00 = {
						DevelopmentTeam = 5Y89BKS4ZL;
						SystemCapabilities = {
							com.apple.iCloud = {
								enabled = 1;
							};
						};
					};
					7EAB3A1A19A1944200024E00 = {
						TestTargetID = 7EAB39FF19A1944200024E00;
					};
				};
			};
			buildConfigurationList = 7EAB39FB19A1944200024E00 /* Build configuration list for PBXProject "remember" */;
			compatibilityVersion = "Xcode 3.2";
			developmentRegion = English;
			hasScannedForEncodings = 0;
			knownRegions = (
				en,
			);
			mainGroup = 7EAB39F719A1944200024E00;
			productRefGroup = 7EAB3A0119A1944200024E00 /* Products */;
			projectDirPath = "";
			projectRoot = "";
			targets = (
				7EAB39FF19A1944200024E00 /* remember */,
				7EAB3A1A19A1944200024E00 /* rememberTests */,
			);
		};
/* End PBXProject section */

/* Begin PBXResourcesBuildPhase section */
		7EAB39FE19A1944200024E00 /* Resources */ = {
			isa = PBXResourcesBuildPhase;
			buildActionMask = 2147483647;
			files = (
				7EAB3A0E19A1944200024E00 /* InfoPlist.strings in Resources */,
				59D034D519AF80F000C0E40D /* MBProgressHUD.bundle in Resources */,
				59D0348919AF782200C0E40D /* AGImagePickerController.bundle in Resources */,
				7EAB3A1619A1944200024E00 /* Images.xcassets in Resources */,
				59D034DB19AF80F000C0E40D /* MJPhotoBrowser.bundle in Resources */,
			);
			runOnlyForDeploymentPostprocessing = 0;
		};
		7EAB3A1919A1944200024E00 /* Resources */ = {
			isa = PBXResourcesBuildPhase;
			buildActionMask = 2147483647;
			files = (
				7EAB3A2719A1944200024E00 /* InfoPlist.strings in Resources */,
				59D0348A19AF782200C0E40D /* AGImagePickerController.bundle in Resources */,
				59D034DC19AF80F000C0E40D /* MJPhotoBrowser.bundle in Resources */,
				59D034D619AF80F000C0E40D /* MBProgressHUD.bundle in Resources */,
			);
			runOnlyForDeploymentPostprocessing = 0;
		};
/* End PBXResourcesBuildPhase section */

/* Begin PBXSourcesBuildPhase section */
		7EAB39FC19A1944200024E00 /* Sources */ = {
			isa = PBXSourcesBuildPhase;
			buildActionMask = 2147483647;
			files = (
				59D0348D19AF782200C0E40D /* AGIPCAlbumsController.m in Sources */,
				59D0350319AF80F000C0E40D /* UIImageView+MJWebCache.m in Sources */,
				59D034E719AF80F000C0E40D /* MKAnnotationView+WebCache.m in Sources */,
				7EAB3A3519A1949900024E00 /* ReviewItem.m in Sources */,
				59D0349719AF782200C0E40D /* ALAsset+AGIPC.m in Sources */,
				59D0348B19AF782200C0E40D /* AGImagePickerController.m in Sources */,
				59D0350519AF80F000C0E40D /* UIImageView+WebCache.m in Sources */,
				59D034DD19AF80F000C0E40D /* MJPhotoBrowser.m in Sources */,
				7EAB3A5319A2FD8E00024E00 /* ReviewItemGenerator.m in Sources */,
				59D034FB19AF80F000C0E40D /* UIButton+WebCache.m in Sources */,
				5983793119A24B4400AD4BC7 /* FilePath.m in Sources */,
				59D034D319AF80F000C0E40D /* MBProgressHUD+Add.m in Sources */,
				7E74D7BC19D1534600D51746 /* EventDayCellView.m in Sources */,
				59D034FD19AF80F000C0E40D /* UIImage+GIF.m in Sources */,
				59D034F919AF80F000C0E40D /* SDWebImagePrefetcher.m in Sources */,
				5992BCA519C34B1C00339FC5 /* PhotoTakerUnit.m in Sources */,
				59D0349519AF782200C0E40D /* AGIPCToolbarItem.m in Sources */,
				7EAB3A4A19A1EDE000024E00 /* UniqueID.m in Sources */,
				59D034F119AF80F000C0E40D /* SDWebImageDownloader.m in Sources */,
				59D034ED19AF80F000C0E40D /* SDWebImageCompat.m in Sources */,
				7E4C7F0619D2A6BB00DD8BAF /* ImageCompressor.m in Sources */,
				59D0349319AF782200C0E40D /* AGIPCGridItem.m in Sources */,
				5983792719A2447C00AD4BC7 /* ReviewItemManager.m in Sources */,
				59D034F719AF80F000C0E40D /* SDWebImageManager.m in Sources */,
				7E74D7BE19D1534600D51746 /* MonthView.m in Sources */,
				59D034EF19AF80F000C0E40D /* SDWebImageDecoder.m in Sources */,
				59D0348F19AF782200C0E40D /* AGIPCAssetsController.m in Sources */,
				7E4C7F0119D270A300DD8BAF /* TimeRecorder.m in Sources */,
				59D034E119AF80F000C0E40D /* MJPhotoProgressView.m in Sources */,
				5983794419A38C8400AD4BC7 /* HomeViewController.m in Sources */,
				7E4C7EF719D16EA600DD8BAF /* UIImageView+setPath.m in Sources */,
				59D034F319AF80F000C0E40D /* SDWebImageDownloaderOperation.m in Sources */,
				59D034F519AF80F000C0E40D /* SDWebImageManager+MJ.m in Sources */,
				59D034D719AF80F000C0E40D /* MBProgressHUD.m in Sources */,
				59D0349B19AF792F00C0E40D /* RTReviewAddItemDirector.m in Sources */,
				7E886C8F19BD8AAE00AA5784 /* ReviewFacade.m in Sources */,
				59D034FF19AF80F000C0E40D /* UIImage+MultiFormat.m in Sources */,
				7EAB3A1419A1944200024E00 /* AppDelegate.m in Sources */,
				7EAB3A1019A1944200024E00 /* main.m in Sources */,
				7E74D7AF19D1533D00D51746 /* DateUtils.m in Sources */,
				59D034E519AF80F000C0E40D /* MJPhotoView.m in Sources */,
				59D0350119AF80F000C0E40D /* UIImage+WebP.m in Sources */,
				59D0349119AF782200C0E40D /* AGIPCGridCell.m in Sources */,
				59D034DF19AF80F000C0E40D /* MJPhotoLoadingView.m in Sources */,
				7E4C7EFC19D1701000DD8BAF /* ItemListCell.m in Sources */,
				59D0350D19AF8E5200C0E40D /* ItemListTableViewController.m in Sources */,
				59D034EB19AF80F000C0E40D /* SDImageCache.m in Sources */,
				59D034E319AF80F000C0E40D /* MJPhotoToolbar.m in Sources */,
				59D0348719AF782200C0E40D /* AGImagePickerController+Helper.m in Sources */,
				7E74D7C019D1534600D51746 /* NumberDayCellView.m in Sources */,
				59D034E919AF80F000C0E40D /* NSData+GIF.m in Sources */,
				59D034D919AF80F000C0E40D /* MJPhoto.m in Sources */,
				7E74D7BA19D1534600D51746 /* DayCellView.m in Sources */,
				7E4C7F0B19D2C5FC00DD8BAF /* RTLoadingView.m in Sources */,
			);
			runOnlyForDeploymentPostprocessing = 0;
		};
		7EAB3A1719A1944200024E00 /* Sources */ = {
			isa = PBXSourcesBuildPhase;
			buildActionMask = 2147483647;
			files = (
				59D034FE19AF80F000C0E40D /* UIImage+GIF.m in Sources */,
				5983793219A24B4400AD4BC7 /* FilePath.m in Sources */,
				59D034E019AF80F000C0E40D /* MJPhotoLoadingView.m in Sources */,
				59D034F619AF80F000C0E40D /* SDWebImageManager+MJ.m in Sources */,
				59D0349C19AF792F00C0E40D /* RTReviewAddItemDirector.m in Sources */,
				59D0349619AF782200C0E40D /* AGIPCToolbarItem.m in Sources */,
				59D0349419AF782200C0E40D /* AGIPCGridItem.m in Sources */,
				7E4C7F0719D2A6BB00DD8BAF /* ImageCompressor.m in Sources */,
				7E886C9019BD8AAE00AA5784 /* ReviewFacade.m in Sources */,
				7E74D7B019D1533D00D51746 /* DateUtils.m in Sources */,
				59D034DE19AF80F000C0E40D /* MJPhotoBrowser.m in Sources */,
				59D034F419AF80F000C0E40D /* SDWebImageDownloaderOperation.m in Sources */,
				59D034FA19AF80F000C0E40D /* SDWebImagePrefetcher.m in Sources */,
				59D034D419AF80F000C0E40D /* MBProgressHUD+Add.m in Sources */,
				7E74D7BB19D1534600D51746 /* DayCellView.m in Sources */,
				7EAB3A4B19A1EDE000024E00 /* UniqueID.m in Sources */,
				59D034E419AF80F000C0E40D /* MJPhotoToolbar.m in Sources */,
				7E4C7F0219D270A300DD8BAF /* TimeRecorder.m in Sources */,
				7E4C7EF819D16EA600DD8BAF /* UIImageView+setPath.m in Sources */,
				59D034EA19AF80F000C0E40D /* NSData+GIF.m in Sources */,
				59D034DA19AF80F000C0E40D /* MJPhoto.m in Sources */,
				7E4C7F0C19D2C5FC00DD8BAF /* RTLoadingView.m in Sources */,
				59D0350E19AF8E5200C0E40D /* ItemListTableViewController.m in Sources */,
				59D0348C19AF782200C0E40D /* AGImagePickerController.m in Sources */,
				7EAB3A2919A1944200024E00 /* rememberTests.m in Sources */,
				7E74D7BF19D1534600D51746 /* MonthView.m in Sources */,
				59D0349219AF782200C0E40D /* AGIPCGridCell.m in Sources */,
				7E74D7BD19D1534600D51746 /* EventDayCellView.m in Sources */,
				59D034E619AF80F000C0E40D /* MJPhotoView.m in Sources */,
				59D0349819AF782200C0E40D /* ALAsset+AGIPC.m in Sources */,
				59D0350419AF80F000C0E40D /* UIImageView+MJWebCache.m in Sources */,
				5992BCA619C34B1C00339FC5 /* PhotoTakerUnit.m in Sources */,
				59D0350619AF80F000C0E40D /* UIImageView+WebCache.m in Sources */,
				59D034F819AF80F000C0E40D /* SDWebImageManager.m in Sources */,
				7E74D7C119D1534600D51746 /* NumberDayCellView.m in Sources */,
				59D034EC19AF80F000C0E40D /* SDImageCache.m in Sources */,
				59D034D819AF80F000C0E40D /* MBProgressHUD.m in Sources */,
				59D0348E19AF782200C0E40D /* AGIPCAlbumsController.m in Sources */,
				5983794519A38C8400AD4BC7 /* HomeViewController.m in Sources */,
				59D0349019AF782200C0E40D /* AGIPCAssetsController.m in Sources */,
				7EAB3A5419A2FD8E00024E00 /* ReviewItemGenerator.m in Sources */,
				59D034F219AF80F000C0E40D /* SDWebImageDownloader.m in Sources */,
				5983792819A2447C00AD4BC7 /* ReviewItemManager.m in Sources */,
				59D0350019AF80F000C0E40D /* UIImage+MultiFormat.m in Sources */,
				7E4C7EFD19D1701000DD8BAF /* ItemListCell.m in Sources */,
				59D0350219AF80F000C0E40D /* UIImage+WebP.m in Sources */,
				59D034FC19AF80F000C0E40D /* UIButton+WebCache.m in Sources */,
				59D034E819AF80F000C0E40D /* MKAnnotationView+WebCache.m in Sources */,
				59D034F019AF80F000C0E40D /* SDWebImageDecoder.m in Sources */,
				59D034EE19AF80F000C0E40D /* SDWebImageCompat.m in Sources */,
				59D034E219AF80F000C0E40D /* MJPhotoProgressView.m in Sources */,
				59D0348819AF782200C0E40D /* AGImagePickerController+Helper.m in Sources */,
			);
			runOnlyForDeploymentPostprocessing = 0;
		};
/* End PBXSourcesBuildPhase section */

/* Begin PBXTargetDependency section */
		7EAB3A2119A1944200024E00 /* PBXTargetDependency */ = {
			isa = PBXTargetDependency;
			target = 7EAB39FF19A1944200024E00 /* remember */;
			targetProxy = 7EAB3A2019A1944200024E00 /* PBXContainerItemProxy */;
		};
/* End PBXTargetDependency section */

/* Begin PBXVariantGroup section */
		7EAB3A0C19A1944200024E00 /* InfoPlist.strings */ = {
			isa = PBXVariantGroup;
			children = (
				7EAB3A0D19A1944200024E00 /* en */,
			);
			name = InfoPlist.strings;
			sourceTree = "<group>";
		};
		7EAB3A2519A1944200024E00 /* InfoPlist.strings */ = {
			isa = PBXVariantGroup;
			children = (
				7EAB3A2619A1944200024E00 /* en */,
			);
			name = InfoPlist.strings;
			sourceTree = "<group>";
		};
/* End PBXVariantGroup section */

/* Begin XCBuildConfiguration section */
		7EAB3A2A19A1944200024E00 /* Debug */ = {
			isa = XCBuildConfiguration;
			buildSettings = {
				ALWAYS_SEARCH_USER_PATHS = NO;
				CLANG_CXX_LANGUAGE_STANDARD = "gnu++0x";
				CLANG_CXX_LIBRARY = "libc++";
				CLANG_ENABLE_MODULES = YES;
				CLANG_ENABLE_OBJC_ARC = YES;
				CLANG_WARN_BOOL_CONVERSION = YES;
				CLANG_WARN_CONSTANT_CONVERSION = YES;
				CLANG_WARN_DIRECT_OBJC_ISA_USAGE = YES_ERROR;
				CLANG_WARN_EMPTY_BODY = YES;
				CLANG_WARN_ENUM_CONVERSION = YES;
				CLANG_WARN_INT_CONVERSION = YES;
				CLANG_WARN_OBJC_ROOT_CLASS = YES_ERROR;
				CLANG_WARN__DUPLICATE_METHOD_MATCH = YES;
				"CODE_SIGN_IDENTITY[sdk=iphoneos*]" = "iPhone Developer";
				COPY_PHASE_STRIP = NO;
				GCC_C_LANGUAGE_STANDARD = gnu99;
				GCC_DYNAMIC_NO_PIC = NO;
				GCC_OPTIMIZATION_LEVEL = 0;
				GCC_PREPROCESSOR_DEFINITIONS = (
					"DEBUG=1",
					"$(inherited)",
				);
				GCC_SYMBOLS_PRIVATE_EXTERN = NO;
				GCC_WARN_64_TO_32_BIT_CONVERSION = YES;
				GCC_WARN_ABOUT_RETURN_TYPE = YES_ERROR;
				GCC_WARN_UNDECLARED_SELECTOR = YES;
				GCC_WARN_UNINITIALIZED_AUTOS = YES_AGGRESSIVE;
				GCC_WARN_UNUSED_FUNCTION = YES;
				GCC_WARN_UNUSED_VARIABLE = YES;
				IPHONEOS_DEPLOYMENT_TARGET = 8.0;
				ONLY_ACTIVE_ARCH = YES;
				SDKROOT = iphoneos;
			};
			name = Debug;
		};
		7EAB3A2B19A1944200024E00 /* Release */ = {
			isa = XCBuildConfiguration;
			buildSettings = {
				ALWAYS_SEARCH_USER_PATHS = NO;
				CLANG_CXX_LANGUAGE_STANDARD = "gnu++0x";
				CLANG_CXX_LIBRARY = "libc++";
				CLANG_ENABLE_MODULES = YES;
				CLANG_ENABLE_OBJC_ARC = YES;
				CLANG_WARN_BOOL_CONVERSION = YES;
				CLANG_WARN_CONSTANT_CONVERSION = YES;
				CLANG_WARN_DIRECT_OBJC_ISA_USAGE = YES_ERROR;
				CLANG_WARN_EMPTY_BODY = YES;
				CLANG_WARN_ENUM_CONVERSION = YES;
				CLANG_WARN_INT_CONVERSION = YES;
				CLANG_WARN_OBJC_ROOT_CLASS = YES_ERROR;
				CLANG_WARN__DUPLICATE_METHOD_MATCH = YES;
				"CODE_SIGN_IDENTITY[sdk=iphoneos*]" = "iPhone Developer";
				COPY_PHASE_STRIP = YES;
				ENABLE_NS_ASSERTIONS = NO;
				GCC_C_LANGUAGE_STANDARD = gnu99;
				GCC_WARN_64_TO_32_BIT_CONVERSION = YES;
				GCC_WARN_ABOUT_RETURN_TYPE = YES_ERROR;
				GCC_WARN_UNDECLARED_SELECTOR = YES;
				GCC_WARN_UNINITIALIZED_AUTOS = YES_AGGRESSIVE;
				GCC_WARN_UNUSED_FUNCTION = YES;
				GCC_WARN_UNUSED_VARIABLE = YES;
				IPHONEOS_DEPLOYMENT_TARGET = 8.0;
				SDKROOT = iphoneos;
				VALIDATE_PRODUCT = YES;
			};
			name = Release;
		};
		7EAB3A2D19A1944200024E00 /* Debug */ = {
			isa = XCBuildConfiguration;
			buildSettings = {
				CODE_SIGN_ENTITLEMENTS = remember/remember.entitlements;
				CODE_SIGN_IDENTITY = "iPhone Developer";
				"CODE_SIGN_IDENTITY[sdk=iphoneos*]" = "iPhone Developer";
				GCC_PRECOMPILE_PREFIX_HEADER = YES;
				GCC_PREFIX_HEADER = "remember/remember-Prefix.pch";
				INFOPLIST_FILE = "remember/remember-Info.plist";
				IPHONEOS_DEPLOYMENT_TARGET = 7.0;
				PRODUCT_NAME = "$(TARGET_NAME)";
				PROVISIONING_PROFILE = "29b63609-8083-4a7c-8f7e-bad34fa603b9";
				WRAPPER_EXTENSION = app;
			};
			name = Debug;
		};
		7EAB3A2E19A1944200024E00 /* Release */ = {
			isa = XCBuildConfiguration;
			buildSettings = {
				CODE_SIGN_ENTITLEMENTS = remember/remember.entitlements;
				CODE_SIGN_IDENTITY = "iPhone Developer";
				"CODE_SIGN_IDENTITY[sdk=iphoneos*]" = "iPhone Developer";
				GCC_PRECOMPILE_PREFIX_HEADER = YES;
				GCC_PREFIX_HEADER = "remember/remember-Prefix.pch";
				INFOPLIST_FILE = "remember/remember-Info.plist";
				IPHONEOS_DEPLOYMENT_TARGET = 7.0;
				PRODUCT_NAME = "$(TARGET_NAME)";
				PROVISIONING_PROFILE = "";
				WRAPPER_EXTENSION = app;
			};
			name = Release;
		};
		7EAB3A3019A1944200024E00 /* Debug */ = {
			isa = XCBuildConfiguration;
			buildSettings = {
				BUNDLE_LOADER = "$(BUILT_PRODUCTS_DIR)/remember.app/remember";
				FRAMEWORK_SEARCH_PATHS = (
					"$(SDKROOT)/Developer/Library/Frameworks",
					"$(inherited)",
					"$(DEVELOPER_FRAMEWORKS_DIR)",
				);
				GCC_PRECOMPILE_PREFIX_HEADER = YES;
				GCC_PREFIX_HEADER = "remember/remember-Prefix.pch";
				GCC_PREPROCESSOR_DEFINITIONS = (
					"DEBUG=1",
					"$(inherited)",
				);
				INFOPLIST_FILE = "rememberTests/rememberTests-Info.plist";
				PRODUCT_NAME = "$(TARGET_NAME)";
				PROVISIONING_PROFILE = "29b63609-8083-4a7c-8f7e-bad34fa603b9";
				TEST_HOST = "$(BUNDLE_LOADER)";
				WRAPPER_EXTENSION = xctest;
			};
			name = Debug;
		};
		7EAB3A3119A1944200024E00 /* Release */ = {
			isa = XCBuildConfiguration;
			buildSettings = {
				BUNDLE_LOADER = "$(BUILT_PRODUCTS_DIR)/remember.app/remember";
				"CODE_SIGN_IDENTITY[sdk=iphoneos*]" = "";
				FRAMEWORK_SEARCH_PATHS = (
					"$(SDKROOT)/Developer/Library/Frameworks",
					"$(inherited)",
					"$(DEVELOPER_FRAMEWORKS_DIR)",
				);
				GCC_PRECOMPILE_PREFIX_HEADER = YES;
				GCC_PREFIX_HEADER = "remember/remember-Prefix.pch";
				INFOPLIST_FILE = "rememberTests/rememberTests-Info.plist";
				PRODUCT_NAME = "$(TARGET_NAME)";
				PROVISIONING_PROFILE = "dab44e93-125d-4c5f-b0ab-ec3340ff6790";
				TEST_HOST = "$(BUNDLE_LOADER)";
				WRAPPER_EXTENSION = xctest;
			};
			name = Release;
		};
/* End XCBuildConfiguration section */

/* Begin XCConfigurationList section */
		7EAB39FB19A1944200024E00 /* Build configuration list for PBXProject "remember" */ = {
			isa = XCConfigurationList;
			buildConfigurations = (
				7EAB3A2A19A1944200024E00 /* Debug */,
				7EAB3A2B19A1944200024E00 /* Release */,
			);
			defaultConfigurationIsVisible = 0;
			defaultConfigurationName = Release;
		};
		7EAB3A2C19A1944200024E00 /* Build configuration list for PBXNativeTarget "remember" */ = {
			isa = XCConfigurationList;
			buildConfigurations = (
				7EAB3A2D19A1944200024E00 /* Debug */,
				7EAB3A2E19A1944200024E00 /* Release */,
			);
			defaultConfigurationIsVisible = 0;
			defaultConfigurationName = Release;
		};
		7EAB3A2F19A1944200024E00 /* Build configuration list for PBXNativeTarget "rememberTests" */ = {
			isa = XCConfigurationList;
			buildConfigurations = (
				7EAB3A3019A1944200024E00 /* Debug */,
				7EAB3A3119A1944200024E00 /* Release */,
			);
			defaultConfigurationIsVisible = 0;
			defaultConfigurationName = Release;
		};
/* End XCConfigurationList section */
	};
	rootObject = 7EAB39F819A1944200024E00 /* Project object */;
}
