// !$*UTF8*$!
{
	archiveVersion = 1;
	classes = {
	};
	objectVersion = 46;
	objects = {

/* Begin PBXBuildFile section */
		5983792319A2422F00AD4BC7 /* DateUtils.m in Sources */ = {isa = PBXBuildFile; fileRef = 5983792219A2422F00AD4BC7 /* DateUtils.m */; };
		5983792419A2422F00AD4BC7 /* DateUtils.m in Sources */ = {isa = PBXBuildFile; fileRef = 5983792219A2422F00AD4BC7 /* DateUtils.m */; };
		5983792719A2447C00AD4BC7 /* ReviewItemManager.m in Sources */ = {isa = PBXBuildFile; fileRef = 5983792619A2447C00AD4BC7 /* ReviewItemManager.m */; };
		5983792819A2447C00AD4BC7 /* ReviewItemManager.m in Sources */ = {isa = PBXBuildFile; fileRef = 5983792619A2447C00AD4BC7 /* ReviewItemManager.m */; };
		5983793119A24B4400AD4BC7 /* FilePath.m in Sources */ = {isa = PBXBuildFile; fileRef = 5983793019A24B4400AD4BC7 /* FilePath.m */; };
		5983793219A24B4400AD4BC7 /* FilePath.m in Sources */ = {isa = PBXBuildFile; fileRef = 5983793019A24B4400AD4BC7 /* FilePath.m */; };
		7EAB3A0419A1944200024E00 /* Foundation.framework in Frameworks */ = {isa = PBXBuildFile; fileRef = 7EAB3A0319A1944200024E00 /* Foundation.framework */; };
		7EAB3A0619A1944200024E00 /* CoreGraphics.framework in Frameworks */ = {isa = PBXBuildFile; fileRef = 7EAB3A0519A1944200024E00 /* CoreGraphics.framework */; };
		7EAB3A0819A1944200024E00 /* UIKit.framework in Frameworks */ = {isa = PBXBuildFile; fileRef = 7EAB3A0719A1944200024E00 /* UIKit.framework */; };
		7EAB3A0E19A1944200024E00 /* InfoPlist.strings in Resources */ = {isa = PBXBuildFile; fileRef = 7EAB3A0C19A1944200024E00 /* InfoPlist.strings */; };
		7EAB3A1019A1944200024E00 /* main.m in Sources */ = {isa = PBXBuildFile; fileRef = 7EAB3A0F19A1944200024E00 /* main.m */; };
		7EAB3A1419A1944200024E00 /* AppDelegate.m in Sources */ = {isa = PBXBuildFile; fileRef = 7EAB3A1319A1944200024E00 /* AppDelegate.m */; };
		7EAB3A1619A1944200024E00 /* Images.xcassets in Resources */ = {isa = PBXBuildFile; fileRef = 7EAB3A1519A1944200024E00 /* Images.xcassets */; };
		7EAB3A1D19A1944200024E00 /* XCTest.framework in Frameworks */ = {isa = PBXBuildFile; fileRef = 7EAB3A1C19A1944200024E00 /* XCTest.framework */; };
		7EAB3A1E19A1944200024E00 /* Foundation.framework in Frameworks */ = {isa = PBXBuildFile; fileRef = 7EAB3A0319A1944200024E00 /* Foundation.framework */; };
		7EAB3A1F19A1944200024E00 /* UIKit.framework in Frameworks */ = {isa = PBXBuildFile; fileRef = 7EAB3A0719A1944200024E00 /* UIKit.framework */; };
		7EAB3A2719A1944200024E00 /* InfoPlist.strings in Resources */ = {isa = PBXBuildFile; fileRef = 7EAB3A2519A1944200024E00 /* InfoPlist.strings */; };
		7EAB3A2919A1944200024E00 /* rememberTests.m in Sources */ = {isa = PBXBuildFile; fileRef = 7EAB3A2819A1944200024E00 /* rememberTests.m */; };
		7EAB3A3519A1949900024E00 /* ReviewItem.m in Sources */ = {isa = PBXBuildFile; fileRef = 7EAB3A3419A1949900024E00 /* ReviewItem.m */; };
		7EAB3A4A19A1EDE000024E00 /* UniqueID.m in Sources */ = {isa = PBXBuildFile; fileRef = 7EAB3A4919A1EDE000024E00 /* UniqueID.m */; };
		7EAB3A4B19A1EDE000024E00 /* UniqueID.m in Sources */ = {isa = PBXBuildFile; fileRef = 7EAB3A4919A1EDE000024E00 /* UniqueID.m */; };
/* End PBXBuildFile section */

/* Begin PBXContainerItemProxy section */
		7EAB3A2019A1944200024E00 /* PBXContainerItemProxy */ = {
			isa = PBXContainerItemProxy;
			containerPortal = 7EAB39F819A1944200024E00 /* Project object */;
			proxyType = 1;
			remoteGlobalIDString = 7EAB39FF19A1944200024E00;
			remoteInfo = remember;
		};
/* End PBXContainerItemProxy section */

/* Begin PBXFileReference section */
		5983792119A2422F00AD4BC7 /* DateUtils.h */ = {isa = PBXFileReference; fileEncoding = 4; lastKnownFileType = sourcecode.c.h; path = DateUtils.h; sourceTree = "<group>"; };
		5983792219A2422F00AD4BC7 /* DateUtils.m */ = {isa = PBXFileReference; fileEncoding = 4; lastKnownFileType = sourcecode.c.objc; path = DateUtils.m; sourceTree = "<group>"; };
		5983792519A2447C00AD4BC7 /* ReviewItemManager.h */ = {isa = PBXFileReference; fileEncoding = 4; lastKnownFileType = sourcecode.c.h; path = ReviewItemManager.h; sourceTree = "<group>"; };
		5983792619A2447C00AD4BC7 /* ReviewItemManager.m */ = {isa = PBXFileReference; fileEncoding = 4; lastKnownFileType = sourcecode.c.objc; path = ReviewItemManager.m; sourceTree = "<group>"; };
		5983792F19A24B4400AD4BC7 /* FilePath.h */ = {isa = PBXFileReference; fileEncoding = 4; lastKnownFileType = sourcecode.c.h; path = FilePath.h; sourceTree = "<group>"; };
		5983793019A24B4400AD4BC7 /* FilePath.m */ = {isa = PBXFileReference; fileEncoding = 4; lastKnownFileType = sourcecode.c.objc; path = FilePath.m; sourceTree = "<group>"; };
		7EAB3A0019A1944200024E00 /* remember.app */ = {isa = PBXFileReference; explicitFileType = wrapper.application; includeInIndex = 0; path = remember.app; sourceTree = BUILT_PRODUCTS_DIR; };
		7EAB3A0319A1944200024E00 /* Foundation.framework */ = {isa = PBXFileReference; lastKnownFileType = wrapper.framework; name = Foundation.framework; path = System/Library/Frameworks/Foundation.framework; sourceTree = SDKROOT; };
		7EAB3A0519A1944200024E00 /* CoreGraphics.framework */ = {isa = PBXFileReference; lastKnownFileType = wrapper.framework; name = CoreGraphics.framework; path = System/Library/Frameworks/CoreGraphics.framework; sourceTree = SDKROOT; };
		7EAB3A0719A1944200024E00 /* UIKit.framework */ = {isa = PBXFileReference; lastKnownFileType = wrapper.framework; name = UIKit.framework; path = System/Library/Frameworks/UIKit.framework; sourceTree = SDKROOT; };
		7EAB3A0B19A1944200024E00 /* remember-Info.plist */ = {isa = PBXFileReference; lastKnownFileType = text.plist.xml; path = "remember-Info.plist"; sourceTree = "<group>"; };
		7EAB3A0D19A1944200024E00 /* en */ = {isa = PBXFileReference; lastKnownFileType = text.plist.strings; name = en; path = en.lproj/InfoPlist.strings; sourceTree = "<group>"; };
		7EAB3A0F19A1944200024E00 /* main.m */ = {isa = PBXFileReference; lastKnownFileType = sourcecode.c.objc; path = main.m; sourceTree = "<group>"; };
		7EAB3A1119A1944200024E00 /* remember-Prefix.pch */ = {isa = PBXFileReference; lastKnownFileType = sourcecode.c.h; path = "remember-Prefix.pch"; sourceTree = "<group>"; };
		7EAB3A1219A1944200024E00 /* AppDelegate.h */ = {isa = PBXFileReference; lastKnownFileType = sourcecode.c.h; path = AppDelegate.h; sourceTree = "<group>"; };
		7EAB3A1319A1944200024E00 /* AppDelegate.m */ = {isa = PBXFileReference; lastKnownFileType = sourcecode.c.objc; path = AppDelegate.m; sourceTree = "<group>"; };
		7EAB3A1519A1944200024E00 /* Images.xcassets */ = {isa = PBXFileReference; lastKnownFileType = folder.assetcatalog; path = Images.xcassets; sourceTree = "<group>"; };
		7EAB3A1B19A1944200024E00 /* rememberTests.xctest */ = {isa = PBXFileReference; explicitFileType = wrapper.cfbundle; includeInIndex = 0; path = rememberTests.xctest; sourceTree = BUILT_PRODUCTS_DIR; };
		7EAB3A1C19A1944200024E00 /* XCTest.framework */ = {isa = PBXFileReference; lastKnownFileType = wrapper.framework; name = XCTest.framework; path = Library/Frameworks/XCTest.framework; sourceTree = DEVELOPER_DIR; };
		7EAB3A2419A1944200024E00 /* rememberTests-Info.plist */ = {isa = PBXFileReference; lastKnownFileType = text.plist.xml; path = "rememberTests-Info.plist"; sourceTree = "<group>"; };
		7EAB3A2619A1944200024E00 /* en */ = {isa = PBXFileReference; lastKnownFileType = text.plist.strings; name = en; path = en.lproj/InfoPlist.strings; sourceTree = "<group>"; };
		7EAB3A2819A1944200024E00 /* rememberTests.m */ = {isa = PBXFileReference; lastKnownFileType = sourcecode.c.objc; path = rememberTests.m; sourceTree = "<group>"; };
		7EAB3A3319A1949900024E00 /* ReviewItem.h */ = {isa = PBXFileReference; fileEncoding = 4; lastKnownFileType = sourcecode.c.h; path = ReviewItem.h; sourceTree = "<group>"; };
		7EAB3A3419A1949900024E00 /* ReviewItem.m */ = {isa = PBXFileReference; fileEncoding = 4; lastKnownFileType = sourcecode.c.objc; path = ReviewItem.m; sourceTree = "<group>"; };
		7EAB3A4619A1A2BE00024E00 /* DateConfig.h */ = {isa = PBXFileReference; fileEncoding = 4; lastKnownFileType = sourcecode.c.h; path = DateConfig.h; sourceTree = "<group>"; };
		7EAB3A4819A1EDE000024E00 /* UniqueID.h */ = {isa = PBXFileReference; fileEncoding = 4; lastKnownFileType = sourcecode.c.h; path = UniqueID.h; sourceTree = "<group>"; };
		7EAB3A4919A1EDE000024E00 /* UniqueID.m */ = {isa = PBXFileReference; fileEncoding = 4; lastKnownFileType = sourcecode.c.objc; path = UniqueID.m; sourceTree = "<group>"; };
/* End PBXFileReference section */

/* Begin PBXFrameworksBuildPhase section */
		7EAB39FD19A1944200024E00 /* Frameworks */ = {
			isa = PBXFrameworksBuildPhase;
			buildActionMask = 2147483647;
			files = (
				7EAB3A0619A1944200024E00 /* CoreGraphics.framework in Frameworks */,
				7EAB3A0819A1944200024E00 /* UIKit.framework in Frameworks */,
				7EAB3A0419A1944200024E00 /* Foundation.framework in Frameworks */,
			);
			runOnlyForDeploymentPostprocessing = 0;
		};
		7EAB3A1819A1944200024E00 /* Frameworks */ = {
			isa = PBXFrameworksBuildPhase;
			buildActionMask = 2147483647;
			files = (
				7EAB3A1D19A1944200024E00 /* XCTest.framework in Frameworks */,
				7EAB3A1F19A1944200024E00 /* UIKit.framework in Frameworks */,
				7EAB3A1E19A1944200024E00 /* Foundation.framework in Frameworks */,
			);
			runOnlyForDeploymentPostprocessing = 0;
		};
/* End PBXFrameworksBuildPhase section */

/* Begin PBXGroup section */
		5983792019A2422F00AD4BC7 /* DateUtils */ = {
			isa = PBXGroup;
			children = (
				5983792119A2422F00AD4BC7 /* DateUtils.h */,
				5983792219A2422F00AD4BC7 /* DateUtils.m */,
			);
			name = DateUtils;
			path = ../../../DateUtilsDemonstration/DateUtils;
			sourceTree = "<group>";
		};
		5983792E19A24B3700AD4BC7 /* FIlePath */ = {
			isa = PBXGroup;
			children = (
				5983792F19A24B4400AD4BC7 /* FilePath.h */,
				5983793019A24B4400AD4BC7 /* FilePath.m */,
			);
			path = FIlePath;
			sourceTree = "<group>";
		};
		7EAB39F719A1944200024E00 = {
			isa = PBXGroup;
			children = (
				7EAB3A0919A1944200024E00 /* remember */,
				7EAB3A2219A1944200024E00 /* rememberTests */,
				7EAB3A0219A1944200024E00 /* Frameworks */,
				7EAB3A0119A1944200024E00 /* Products */,
			);
			sourceTree = "<group>";
		};
		7EAB3A0119A1944200024E00 /* Products */ = {
			isa = PBXGroup;
			children = (
				7EAB3A0019A1944200024E00 /* remember.app */,
				7EAB3A1B19A1944200024E00 /* rememberTests.xctest */,
			);
			name = Products;
			sourceTree = "<group>";
		};
		7EAB3A0219A1944200024E00 /* Frameworks */ = {
			isa = PBXGroup;
			children = (
				7EAB3A0319A1944200024E00 /* Foundation.framework */,
				7EAB3A0519A1944200024E00 /* CoreGraphics.framework */,
				7EAB3A0719A1944200024E00 /* UIKit.framework */,
				7EAB3A1C19A1944200024E00 /* XCTest.framework */,
			);
			name = Frameworks;
			sourceTree = "<group>";
		};
		7EAB3A0919A1944200024E00 /* remember */ = {
			isa = PBXGroup;
			children = (
				7EAB3A4519A1A29F00024E00 /* Prefix */,
				7EAB3A3619A19AB800024E00 /* Common */,
				7EAB3A3219A1948A00024E00 /* Model */,
				7EAB3A1219A1944200024E00 /* AppDelegate.h */,
				7EAB3A1319A1944200024E00 /* AppDelegate.m */,
				7EAB3A1519A1944200024E00 /* Images.xcassets */,
				7EAB3A0A19A1944200024E00 /* Supporting Files */,
			);
			path = remember;
			sourceTree = "<group>";
		};
		7EAB3A0A19A1944200024E00 /* Supporting Files */ = {
			isa = PBXGroup;
			children = (
				7EAB3A0B19A1944200024E00 /* remember-Info.plist */,
				7EAB3A0C19A1944200024E00 /* InfoPlist.strings */,
				7EAB3A0F19A1944200024E00 /* main.m */,
				7EAB3A1119A1944200024E00 /* remember-Prefix.pch */,
			);
			name = "Supporting Files";
			sourceTree = "<group>";
		};
		7EAB3A2219A1944200024E00 /* rememberTests */ = {
			isa = PBXGroup;
			children = (
				7EAB3A2819A1944200024E00 /* rememberTests.m */,
				7EAB3A2319A1944200024E00 /* Supporting Files */,
			);
			path = rememberTests;
			sourceTree = "<group>";
		};
		7EAB3A2319A1944200024E00 /* Supporting Files */ = {
			isa = PBXGroup;
			children = (
				7EAB3A2419A1944200024E00 /* rememberTests-Info.plist */,
				7EAB3A2519A1944200024E00 /* InfoPlist.strings */,
			);
			name = "Supporting Files";
			sourceTree = "<group>";
		};
		7EAB3A3219A1948A00024E00 /* Model */ = {
			isa = PBXGroup;
			children = (
				7EAB3A3319A1949900024E00 /* ReviewItem.h */,
				7EAB3A3419A1949900024E00 /* ReviewItem.m */,
				5983792519A2447C00AD4BC7 /* ReviewItemManager.h */,
				5983792619A2447C00AD4BC7 /* ReviewItemManager.m */,
			);
			path = Model;
			sourceTree = "<group>";
		};
		7EAB3A3619A19AB800024E00 /* Common */ = {
			isa = PBXGroup;
			children = (
				5983792E19A24B3700AD4BC7 /* FIlePath */,
				5983792019A2422F00AD4BC7 /* DateUtils */,
				7EAB3A4719A1EDCD00024E00 /* UniqueID */,
			);
			path = Common;
			sourceTree = "<group>";
		};
		7EAB3A4519A1A29F00024E00 /* Prefix */ = {
			isa = PBXGroup;
			children = (
				7EAB3A4619A1A2BE00024E00 /* DateConfig.h */,
			);
			path = Prefix;
			sourceTree = "<group>";
		};
		7EAB3A4719A1EDCD00024E00 /* UniqueID */ = {
			isa = PBXGroup;
			children = (
				7EAB3A4819A1EDE000024E00 /* UniqueID.h */,
				7EAB3A4919A1EDE000024E00 /* UniqueID.m */,
			);
			path = UniqueID;
			sourceTree = "<group>";
		};
/* End PBXGroup section */

/* Begin PBXNativeTarget section */
		7EAB39FF19A1944200024E00 /* remember */ = {
			isa = PBXNativeTarget;
			buildConfigurationList = 7EAB3A2C19A1944200024E00 /* Build configuration list for PBXNativeTarget "remember" */;
			buildPhases = (
				7EAB39FC19A1944200024E00 /* Sources */,
				7EAB39FD19A1944200024E00 /* Frameworks */,
				7EAB39FE19A1944200024E00 /* Resources */,
			);
			buildRules = (
			);
			dependencies = (
			);
			name = remember;
			productName = remember;
			productReference = 7EAB3A0019A1944200024E00 /* remember.app */;
			productType = "com.apple.product-type.application";
		};
		7EAB3A1A19A1944200024E00 /* rememberTests */ = {
			isa = PBXNativeTarget;
			buildConfigurationList = 7EAB3A2F19A1944200024E00 /* Build configuration list for PBXNativeTarget "rememberTests" */;
			buildPhases = (
				7EAB3A1719A1944200024E00 /* Sources */,
				7EAB3A1819A1944200024E00 /* Frameworks */,
				7EAB3A1919A1944200024E00 /* Resources */,
			);
			buildRules = (
			);
			dependencies = (
				7EAB3A2119A1944200024E00 /* PBXTargetDependency */,
			);
			name = rememberTests;
			productName = rememberTests;
			productReference = 7EAB3A1B19A1944200024E00 /* rememberTests.xctest */;
			productType = "com.apple.product-type.bundle.unit-test";
		};
/* End PBXNativeTarget section */

/* Begin PBXProject section */
		7EAB39F819A1944200024E00 /* Project object */ = {
			isa = PBXProject;
			attributes = {
				LastUpgradeCheck = 0510;
				ORGANIZATIONNAME = "Uncoped Studio";
				TargetAttributes = {
					7EAB3A1A19A1944200024E00 = {
						TestTargetID = 7EAB39FF19A1944200024E00;
					};
				};
			};
			buildConfigurationList = 7EAB39FB19A1944200024E00 /* Build configuration list for PBXProject "remember" */;
			compatibilityVersion = "Xcode 3.2";
			developmentRegion = English;
			hasScannedForEncodings = 0;
			knownRegions = (
				en,
			);
			mainGroup = 7EAB39F719A1944200024E00;
			productRefGroup = 7EAB3A0119A1944200024E00 /* Products */;
			projectDirPath = "";
			projectRoot = "";
			targets = (
				7EAB39FF19A1944200024E00 /* remember */,
				7EAB3A1A19A1944200024E00 /* rememberTests */,
			);
		};
/* End PBXProject section */

/* Begin PBXResourcesBuildPhase section */
		7EAB39FE19A1944200024E00 /* Resources */ = {
			isa = PBXResourcesBuildPhase;
			buildActionMask = 2147483647;
			files = (
				7EAB3A0E19A1944200024E00 /* InfoPlist.strings in Resources */,
				7EAB3A1619A1944200024E00 /* Images.xcassets in Resources */,
			);
			runOnlyForDeploymentPostprocessing = 0;
		};
		7EAB3A1919A1944200024E00 /* Resources */ = {
			isa = PBXResourcesBuildPhase;
			buildActionMask = 2147483647;
			files = (
				7EAB3A2719A1944200024E00 /* InfoPlist.strings in Resources */,
			);
			runOnlyForDeploymentPostprocessing = 0;
		};
/* End PBXResourcesBuildPhase section */

/* Begin PBXSourcesBuildPhase section */
		7EAB39FC19A1944200024E00 /* Sources */ = {
			isa = PBXSourcesBuildPhase;
			buildActionMask = 2147483647;
			files = (
				7EAB3A3519A1949900024E00 /* ReviewItem.m in Sources */,
				5983793119A24B4400AD4BC7 /* FilePath.m in Sources */,
				7EAB3A4A19A1EDE000024E00 /* UniqueID.m in Sources */,
				5983792719A2447C00AD4BC7 /* ReviewItemManager.m in Sources */,
				7EAB3A1419A1944200024E00 /* AppDelegate.m in Sources */,
				5983792319A2422F00AD4BC7 /* DateUtils.m in Sources */,
				7EAB3A1019A1944200024E00 /* main.m in Sources */,
			);
			runOnlyForDeploymentPostprocessing = 0;
		};
		7EAB3A1719A1944200024E00 /* Sources */ = {
			isa = PBXSourcesBuildPhase;
			buildActionMask = 2147483647;
			files = (
				5983793219A24B4400AD4BC7 /* FilePath.m in Sources */,
				7EAB3A4B19A1EDE000024E00 /* UniqueID.m in Sources */,
				7EAB3A2919A1944200024E00 /* rememberTests.m in Sources */,
				5983792819A2447C00AD4BC7 /* ReviewItemManager.m in Sources */,
				5983792419A2422F00AD4BC7 /* DateUtils.m in Sources */,
			);
			runOnlyForDeploymentPostprocessing = 0;
		};
/* End PBXSourcesBuildPhase section */

/* Begin PBXTargetDependency section */
		7EAB3A2119A1944200024E00 /* PBXTargetDependency */ = {
			isa = PBXTargetDependency;
			target = 7EAB39FF19A1944200024E00 /* remember */;
			targetProxy = 7EAB3A2019A1944200024E00 /* PBXContainerItemProxy */;
		};
/* End PBXTargetDependency section */

/* Begin PBXVariantGroup section */
		7EAB3A0C19A1944200024E00 /* InfoPlist.strings */ = {
			isa = PBXVariantGroup;
			children = (
				7EAB3A0D19A1944200024E00 /* en */,
			);
			name = InfoPlist.strings;
			sourceTree = "<group>";
		};
		7EAB3A2519A1944200024E00 /* InfoPlist.strings */ = {
			isa = PBXVariantGroup;
			children = (
				7EAB3A2619A1944200024E00 /* en */,
			);
			name = InfoPlist.strings;
			sourceTree = "<group>";
		};
/* End PBXVariantGroup section */

/* Begin XCBuildConfiguration section */
		7EAB3A2A19A1944200024E00 /* Debug */ = {
			isa = XCBuildConfiguration;
			buildSettings = {
				ALWAYS_SEARCH_USER_PATHS = NO;
				CLANG_CXX_LANGUAGE_STANDARD = "gnu++0x";
				CLANG_CXX_LIBRARY = "libc++";
				CLANG_ENABLE_MODULES = YES;
				CLANG_ENABLE_OBJC_ARC = YES;
				CLANG_WARN_BOOL_CONVERSION = YES;
				CLANG_WARN_CONSTANT_CONVERSION = YES;
				CLANG_WARN_DIRECT_OBJC_ISA_USAGE = YES_ERROR;
				CLANG_WARN_EMPTY_BODY = YES;
				CLANG_WARN_ENUM_CONVERSION = YES;
				CLANG_WARN_INT_CONVERSION = YES;
				CLANG_WARN_OBJC_ROOT_CLASS = YES_ERROR;
				CLANG_WARN__DUPLICATE_METHOD_MATCH = YES;
				"CODE_SIGN_IDENTITY[sdk=iphoneos*]" = "iPhone Developer";
				COPY_PHASE_STRIP = NO;
				GCC_C_LANGUAGE_STANDARD = gnu99;
				GCC_DYNAMIC_NO_PIC = NO;
				GCC_OPTIMIZATION_LEVEL = 0;
				GCC_PREPROCESSOR_DEFINITIONS = (
					"DEBUG=1",
					"$(inherited)",
				);
				GCC_SYMBOLS_PRIVATE_EXTERN = NO;
				GCC_WARN_64_TO_32_BIT_CONVERSION = YES;
				GCC_WARN_ABOUT_RETURN_TYPE = YES_ERROR;
				GCC_WARN_UNDECLARED_SELECTOR = YES;
				GCC_WARN_UNINITIALIZED_AUTOS = YES_AGGRESSIVE;
				GCC_WARN_UNUSED_FUNCTION = YES;
				GCC_WARN_UNUSED_VARIABLE = YES;
				IPHONEOS_DEPLOYMENT_TARGET = 7.1;
				ONLY_ACTIVE_ARCH = YES;
				SDKROOT = iphoneos;
			};
			name = Debug;
		};
		7EAB3A2B19A1944200024E00 /* Release */ = {
			isa = XCBuildConfiguration;
			buildSettings = {
				ALWAYS_SEARCH_USER_PATHS = NO;
				CLANG_CXX_LANGUAGE_STANDARD = "gnu++0x";
				CLANG_CXX_LIBRARY = "libc++";
				CLANG_ENABLE_MODULES = YES;
				CLANG_ENABLE_OBJC_ARC = YES;
				CLANG_WARN_BOOL_CONVERSION = YES;
				CLANG_WARN_CONSTANT_CONVERSION = YES;
				CLANG_WARN_DIRECT_OBJC_ISA_USAGE = YES_ERROR;
				CLANG_WARN_EMPTY_BODY = YES;
				CLANG_WARN_ENUM_CONVERSION = YES;
				CLANG_WARN_INT_CONVERSION = YES;
				CLANG_WARN_OBJC_ROOT_CLASS = YES_ERROR;
				CLANG_WARN__DUPLICATE_METHOD_MATCH = YES;
				"CODE_SIGN_IDENTITY[sdk=iphoneos*]" = "iPhone Developer";
				COPY_PHASE_STRIP = YES;
				ENABLE_NS_ASSERTIONS = NO;
				GCC_C_LANGUAGE_STANDARD = gnu99;
				GCC_WARN_64_TO_32_BIT_CONVERSION = YES;
				GCC_WARN_ABOUT_RETURN_TYPE = YES_ERROR;
				GCC_WARN_UNDECLARED_SELECTOR = YES;
				GCC_WARN_UNINITIALIZED_AUTOS = YES_AGGRESSIVE;
				GCC_WARN_UNUSED_FUNCTION = YES;
				GCC_WARN_UNUSED_VARIABLE = YES;
				IPHONEOS_DEPLOYMENT_TARGET = 7.1;
				SDKROOT = iphoneos;
				VALIDATE_PRODUCT = YES;
			};
			name = Release;
		};
		7EAB3A2D19A1944200024E00 /* Debug */ = {
			isa = XCBuildConfiguration;
			buildSettings = {
				ASSETCATALOG_COMPILER_APPICON_NAME = AppIcon;
				ASSETCATALOG_COMPILER_LAUNCHIMAGE_NAME = LaunchImage;
				GCC_PRECOMPILE_PREFIX_HEADER = YES;
				GCC_PREFIX_HEADER = "remember/remember-Prefix.pch";
				INFOPLIST_FILE = "remember/remember-Info.plist";
				PRODUCT_NAME = "$(TARGET_NAME)";
				WRAPPER_EXTENSION = app;
			};
			name = Debug;
		};
		7EAB3A2E19A1944200024E00 /* Release */ = {
			isa = XCBuildConfiguration;
			buildSettings = {
				ASSETCATALOG_COMPILER_APPICON_NAME = AppIcon;
				ASSETCATALOG_COMPILER_LAUNCHIMAGE_NAME = LaunchImage;
				GCC_PRECOMPILE_PREFIX_HEADER = YES;
				GCC_PREFIX_HEADER = "remember/remember-Prefix.pch";
				INFOPLIST_FILE = "remember/remember-Info.plist";
				PRODUCT_NAME = "$(TARGET_NAME)";
				WRAPPER_EXTENSION = app;
			};
			name = Release;
		};
		7EAB3A3019A1944200024E00 /* Debug */ = {
			isa = XCBuildConfiguration;
			buildSettings = {
				BUNDLE_LOADER = "$(BUILT_PRODUCTS_DIR)/remember.app/remember";
				FRAMEWORK_SEARCH_PATHS = (
					"$(SDKROOT)/Developer/Library/Frameworks",
					"$(inherited)",
					"$(DEVELOPER_FRAMEWORKS_DIR)",
				);
				GCC_PRECOMPILE_PREFIX_HEADER = YES;
				GCC_PREFIX_HEADER = "remember/remember-Prefix.pch";
				GCC_PREPROCESSOR_DEFINITIONS = (
					"DEBUG=1",
					"$(inherited)",
				);
				INFOPLIST_FILE = "rememberTests/rememberTests-Info.plist";
				PRODUCT_NAME = "$(TARGET_NAME)";
				TEST_HOST = "$(BUNDLE_LOADER)";
				WRAPPER_EXTENSION = xctest;
			};
			name = Debug;
		};
		7EAB3A3119A1944200024E00 /* Release */ = {
			isa = XCBuildConfiguration;
			buildSettings = {
				BUNDLE_LOADER = "$(BUILT_PRODUCTS_DIR)/remember.app/remember";
				FRAMEWORK_SEARCH_PATHS = (
					"$(SDKROOT)/Developer/Library/Frameworks",
					"$(inherited)",
					"$(DEVELOPER_FRAMEWORKS_DIR)",
				);
				GCC_PRECOMPILE_PREFIX_HEADER = YES;
				GCC_PREFIX_HEADER = "remember/remember-Prefix.pch";
				INFOPLIST_FILE = "rememberTests/rememberTests-Info.plist";
				PRODUCT_NAME = "$(TARGET_NAME)";
				TEST_HOST = "$(BUNDLE_LOADER)";
				WRAPPER_EXTENSION = xctest;
			};
			name = Release;
		};
/* End XCBuildConfiguration section */

/* Begin XCConfigurationList section */
		7EAB39FB19A1944200024E00 /* Build configuration list for PBXProject "remember" */ = {
			isa = XCConfigurationList;
			buildConfigurations = (
				7EAB3A2A19A1944200024E00 /* Debug */,
				7EAB3A2B19A1944200024E00 /* Release */,
			);
			defaultConfigurationIsVisible = 0;
			defaultConfigurationName = Release;
		};
		7EAB3A2C19A1944200024E00 /* Build configuration list for PBXNativeTarget "remember" */ = {
			isa = XCConfigurationList;
			buildConfigurations = (
				7EAB3A2D19A1944200024E00 /* Debug */,
				7EAB3A2E19A1944200024E00 /* Release */,
			);
			defaultConfigurationIsVisible = 0;
			defaultConfigurationName = Release;
		};
		7EAB3A2F19A1944200024E00 /* Build configuration list for PBXNativeTarget "rememberTests" */ = {
			isa = XCConfigurationList;
			buildConfigurations = (
				7EAB3A3019A1944200024E00 /* Debug */,
				7EAB3A3119A1944200024E00 /* Release */,
			);
			defaultConfigurationIsVisible = 0;
			defaultConfigurationName = Release;
		};
/* End XCConfigurationList section */
	};
	rootObject = 7EAB39F819A1944200024E00 /* Project object */;
}
